PODS:
  - Alamofire (4.2.0)
  - CocoaLumberjack/Core (3.0.0)
  - CocoaLumberjack/Default (3.0.0):
    - CocoaLumberjack/Core
  - CocoaLumberjack/Extensions (3.0.0):
    - CocoaLumberjack/Default
  - CocoaLumberjack/Swift (3.0.0):
    - CocoaLumberjack/Extensions

DEPENDENCIES:
  - Alamofire (= 4.2.0)
  - CocoaLumberjack/Swift (= 3.0.0)

SPEC CHECKSUMS:
  Alamofire: aa2e09d871c9160ac53c90e83c68064a94e3dfbe
  CocoaLumberjack: c823149bccc5519a9447aeb433be7b1212a7d6a5

PODFILE CHECKSUM: 5a2eaa90580826391f9fbde58c32cccc575eef32

COCOAPODS: 1.1.1
