// !$*UTF8*$!
{
	archiveVersion = 1;
	classes = {
	};
	objectVersion = 46;
	objects = {

/* Begin PBXBuildFile section */
		50240B2F1DE43F0E00CB6681 /* AppDelegate.swift in Sources */ = {isa = PBXBuildFile; fileRef = 50240B2E1DE43F0E00CB6681 /* AppDelegate.swift */; };
		50240B341DE43F0E00CB6681 /* Main.storyboard in Resources */ = {isa = PBXBuildFile; fileRef = 50240B321DE43F0E00CB6681 /* Main.storyboard */; };
		50240B371DE43F0E00CB6681 /* nanou_ios.xcdatamodeld in Sources */ = {isa = PBXBuildFile; fileRef = 50240B351DE43F0E00CB6681 /* nanou_ios.xcdatamodeld */; };
		50240B391DE43F0E00CB6681 /* Assets.xcassets in Resources */ = {isa = PBXBuildFile; fileRef = 50240B381DE43F0E00CB6681 /* Assets.xcassets */; };
		50240B3C1DE43F0E00CB6681 /* LaunchScreen.storyboard in Resources */ = {isa = PBXBuildFile; fileRef = 50240B3A1DE43F0E00CB6681 /* LaunchScreen.storyboard */; };
		504BC3341DF448F200671614 /* Json.swift in Sources */ = {isa = PBXBuildFile; fileRef = 504BC3331DF448F200671614 /* Json.swift */; };
		504BC3361DF4532E00671614 /* UserProfileViewController.swift in Sources */ = {isa = PBXBuildFile; fileRef = 504BC3351DF4532E00671614 /* UserProfileViewController.swift */; };
		5057F7981DE78527003A8850 /* LoginConfirmationViewController.swift in Sources */ = {isa = PBXBuildFile; fileRef = 5057F7971DE78527003A8850 /* LoginConfirmationViewController.swift */; };
		5057F79A1DE78E82003A8850 /* Segues.swift in Sources */ = {isa = PBXBuildFile; fileRef = 5057F7991DE78E82003A8850 /* Segues.swift */; };
		509D51BD1DE5999A0019BB63 /* LaunchViewController.swift in Sources */ = {isa = PBXBuildFile; fileRef = 509D51BC1DE5999A0019BB63 /* LaunchViewController.swift */; };
		509D51C11DE5C7870019BB63 /* LoginCell.swift in Sources */ = {isa = PBXBuildFile; fileRef = 509D51C01DE5C7870019BB63 /* LoginCell.swift */; };
		509D51C41DE5CDA70019BB63 /* Routes.swift in Sources */ = {isa = PBXBuildFile; fileRef = 509D51C31DE5CDA70019BB63 /* Routes.swift */; };
		50EA85981DF56FAC00DFFE09 /* Color.swift in Sources */ = {isa = PBXBuildFile; fileRef = 50EA85971DF56FAC00DFFE09 /* Color.swift */; };
		784843F8FF15E2D67C5AC4ED /* Pods_nanou_ios.framework in Frameworks */ = {isa = PBXBuildFile; fileRef = 3BBA82A6D90C5527292577AF /* Pods_nanou_ios.framework */; };
/* End PBXBuildFile section */

/* Begin PBXFileReference section */
		3BBA82A6D90C5527292577AF /* Pods_nanou_ios.framework */ = {isa = PBXFileReference; explicitFileType = wrapper.framework; includeInIndex = 0; path = Pods_nanou_ios.framework; sourceTree = BUILT_PRODUCTS_DIR; };
		50240B2B1DE43F0E00CB6681 /* nanou-ios.app */ = {isa = PBXFileReference; explicitFileType = wrapper.application; includeInIndex = 0; path = "nanou-ios.app"; sourceTree = BUILT_PRODUCTS_DIR; };
		50240B2E1DE43F0E00CB6681 /* AppDelegate.swift */ = {isa = PBXFileReference; lastKnownFileType = sourcecode.swift; path = AppDelegate.swift; sourceTree = "<group>"; };
		50240B331DE43F0E00CB6681 /* Base */ = {isa = PBXFileReference; lastKnownFileType = file.storyboard; name = Base; path = Base.lproj/Main.storyboard; sourceTree = "<group>"; };
		50240B361DE43F0E00CB6681 /* nanou_ios.xcdatamodel */ = {isa = PBXFileReference; lastKnownFileType = wrapper.xcdatamodel; path = nanou_ios.xcdatamodel; sourceTree = "<group>"; };
		50240B381DE43F0E00CB6681 /* Assets.xcassets */ = {isa = PBXFileReference; lastKnownFileType = folder.assetcatalog; path = Assets.xcassets; sourceTree = "<group>"; };
		50240B3B1DE43F0E00CB6681 /* Base */ = {isa = PBXFileReference; lastKnownFileType = file.storyboard; name = Base; path = Base.lproj/LaunchScreen.storyboard; sourceTree = "<group>"; };
		50240B3D1DE43F0E00CB6681 /* Info.plist */ = {isa = PBXFileReference; lastKnownFileType = text.plist.xml; path = Info.plist; sourceTree = "<group>"; };
		504BC3331DF448F200671614 /* Json.swift */ = {isa = PBXFileReference; fileEncoding = 4; lastKnownFileType = sourcecode.swift; name = Json.swift; path = Helper/Json.swift; sourceTree = "<group>"; };
		504BC3351DF4532E00671614 /* UserProfileViewController.swift */ = {isa = PBXFileReference; fileEncoding = 4; lastKnownFileType = sourcecode.swift; name = UserProfileViewController.swift; path = ViewControllers/UserProfileViewController.swift; sourceTree = "<group>"; };
		5057F7971DE78527003A8850 /* LoginConfirmationViewController.swift */ = {isa = PBXFileReference; fileEncoding = 4; lastKnownFileType = sourcecode.swift; name = LoginConfirmationViewController.swift; path = ViewControllers/LoginConfirmationViewController.swift; sourceTree = "<group>"; };
		5057F7991DE78E82003A8850 /* Segues.swift */ = {isa = PBXFileReference; fileEncoding = 4; lastKnownFileType = sourcecode.swift; name = Segues.swift; path = Helper/Segues.swift; sourceTree = "<group>"; };
		509D51BC1DE5999A0019BB63 /* LaunchViewController.swift */ = {isa = PBXFileReference; fileEncoding = 4; lastKnownFileType = sourcecode.swift; name = LaunchViewController.swift; path = ViewControllers/LaunchViewController.swift; sourceTree = "<group>"; };
		509D51C01DE5C7870019BB63 /* LoginCell.swift */ = {isa = PBXFileReference; fileEncoding = 4; lastKnownFileType = sourcecode.swift; name = LoginCell.swift; path = Views/LoginCell.swift; sourceTree = "<group>"; };
		509D51C31DE5CDA70019BB63 /* Routes.swift */ = {isa = PBXFileReference; fileEncoding = 4; lastKnownFileType = sourcecode.swift; name = Routes.swift; path = Helper/Routes.swift; sourceTree = "<group>"; };
		50EA85971DF56FAC00DFFE09 /* Color.swift */ = {isa = PBXFileReference; fileEncoding = 4; lastKnownFileType = sourcecode.swift; name = Color.swift; path = Helper/Color.swift; sourceTree = "<group>"; };
		78D5341128C812394DF67E7A /* Pods-nanou-ios.debug.xcconfig */ = {isa = PBXFileReference; includeInIndex = 1; lastKnownFileType = text.xcconfig; name = "Pods-nanou-ios.debug.xcconfig"; path = "Pods/Target Support Files/Pods-nanou-ios/Pods-nanou-ios.debug.xcconfig"; sourceTree = "<group>"; };
		F77E5BC4C911AEEAF8978D18 /* Pods-nanou-ios.release.xcconfig */ = {isa = PBXFileReference; includeInIndex = 1; lastKnownFileType = text.xcconfig; name = "Pods-nanou-ios.release.xcconfig"; path = "Pods/Target Support Files/Pods-nanou-ios/Pods-nanou-ios.release.xcconfig"; sourceTree = "<group>"; };
/* End PBXFileReference section */

/* Begin PBXFrameworksBuildPhase section */
		50240B281DE43F0D00CB6681 /* Frameworks */ = {
			isa = PBXFrameworksBuildPhase;
			buildActionMask = 2147483647;
			files = (
				784843F8FF15E2D67C5AC4ED /* Pods_nanou_ios.framework in Frameworks */,
			);
			runOnlyForDeploymentPostprocessing = 0;
		};
/* End PBXFrameworksBuildPhase section */

/* Begin PBXGroup section */
		10E21C8BEE998BAA9EC0DB98 /* Frameworks */ = {
			isa = PBXGroup;
			children = (
				3BBA82A6D90C5527292577AF /* Pods_nanou_ios.framework */,
			);
			name = Frameworks;
			sourceTree = "<group>";
		};
		50240B221DE43F0D00CB6681 = {
			isa = PBXGroup;
			children = (
				50240B2D1DE43F0E00CB6681 /* nanou-ios */,
				50240B2C1DE43F0E00CB6681 /* Products */,
				8DE24E94050730E74C052B48 /* Pods */,
				10E21C8BEE998BAA9EC0DB98 /* Frameworks */,
			);
			sourceTree = "<group>";
		};
		50240B2C1DE43F0E00CB6681 /* Products */ = {
			isa = PBXGroup;
			children = (
				50240B2B1DE43F0E00CB6681 /* nanou-ios.app */,
			);
			name = Products;
			sourceTree = "<group>";
		};
		50240B2D1DE43F0E00CB6681 /* nanou-ios */ = {
			isa = PBXGroup;
			children = (
				50240B2E1DE43F0E00CB6681 /* AppDelegate.swift */,
				509D51C21DE5CD840019BB63 /* Helper */,
				509D51BF1DE5C76B0019BB63 /* Views */,
				509D51BE1DE5C7580019BB63 /* ViewControllers */,
				50240B321DE43F0E00CB6681 /* Main.storyboard */,
				50240B381DE43F0E00CB6681 /* Assets.xcassets */,
				50240B3A1DE43F0E00CB6681 /* LaunchScreen.storyboard */,
				50240B3D1DE43F0E00CB6681 /* Info.plist */,
				50240B351DE43F0E00CB6681 /* nanou_ios.xcdatamodeld */,
			);
			path = "nanou-ios";
			sourceTree = "<group>";
		};
		509D51BE1DE5C7580019BB63 /* ViewControllers */ = {
			isa = PBXGroup;
			children = (
				509D51BC1DE5999A0019BB63 /* LaunchViewController.swift */,
				5057F7971DE78527003A8850 /* LoginConfirmationViewController.swift */,
				504BC3351DF4532E00671614 /* UserProfileViewController.swift */,
			);
			name = ViewControllers;
			sourceTree = "<group>";
		};
		509D51BF1DE5C76B0019BB63 /* Views */ = {
			isa = PBXGroup;
			children = (
				509D51C01DE5C7870019BB63 /* LoginCell.swift */,
			);
			name = Views;
			sourceTree = "<group>";
		};
		509D51C21DE5CD840019BB63 /* Helper */ = {
			isa = PBXGroup;
			children = (
				509D51C31DE5CDA70019BB63 /* Routes.swift */,
				5057F7991DE78E82003A8850 /* Segues.swift */,
				504BC3331DF448F200671614 /* Json.swift */,
				50EA85971DF56FAC00DFFE09 /* Color.swift */,
			);
			name = Helper;
			sourceTree = "<group>";
		};
		8DE24E94050730E74C052B48 /* Pods */ = {
			isa = PBXGroup;
			children = (
				78D5341128C812394DF67E7A /* Pods-nanou-ios.debug.xcconfig */,
				F77E5BC4C911AEEAF8978D18 /* Pods-nanou-ios.release.xcconfig */,
			);
			name = Pods;
			sourceTree = "<group>";
		};
/* End PBXGroup section */

/* Begin PBXNativeTarget section */
		50240B2A1DE43F0D00CB6681 /* nanou-ios */ = {
			isa = PBXNativeTarget;
			buildConfigurationList = 50240B401DE43F0E00CB6681 /* Build configuration list for PBXNativeTarget "nanou-ios" */;
			buildPhases = (
				274440BAB7E3F2337EA02616 /* [CP] Check Pods Manifest.lock */,
				50240B271DE43F0D00CB6681 /* Sources */,
				50240B281DE43F0D00CB6681 /* Frameworks */,
				50240B291DE43F0D00CB6681 /* Resources */,
				30D926654750BE19546A4332 /* [CP] Embed Pods Frameworks */,
				46380BCE6AE443FCC70859CB /* [CP] Copy Pods Resources */,
				E71C0A5318BBEA8B7C098618 /* Tailor */,
			);
			buildRules = (
			);
			dependencies = (
			);
			name = "nanou-ios";
			productName = "nanou-ios";
			productReference = 50240B2B1DE43F0E00CB6681 /* nanou-ios.app */;
			productType = "com.apple.product-type.application";
		};
/* End PBXNativeTarget section */

/* Begin PBXProject section */
		50240B231DE43F0D00CB6681 /* Project object */ = {
			isa = PBXProject;
			attributes = {
				LastSwiftUpdateCheck = 0810;
				LastUpgradeCheck = 0810;
				ORGANIZATIONNAME = "Max Bothe";
				TargetAttributes = {
					50240B2A1DE43F0D00CB6681 = {
						CreatedOnToolsVersion = 8.1;
						DevelopmentTeam = WP53SSE8S6;
						ProvisioningStyle = Automatic;
					};
				};
			};
			buildConfigurationList = 50240B261DE43F0D00CB6681 /* Build configuration list for PBXProject "nanou-ios" */;
			compatibilityVersion = "Xcode 3.2";
			developmentRegion = English;
			hasScannedForEncodings = 0;
			knownRegions = (
				en,
				Base,
			);
			mainGroup = 50240B221DE43F0D00CB6681;
			productRefGroup = 50240B2C1DE43F0E00CB6681 /* Products */;
			projectDirPath = "";
			projectRoot = "";
			targets = (
				50240B2A1DE43F0D00CB6681 /* nanou-ios */,
			);
		};
/* End PBXProject section */

/* Begin PBXResourcesBuildPhase section */
		50240B291DE43F0D00CB6681 /* Resources */ = {
			isa = PBXResourcesBuildPhase;
			buildActionMask = 2147483647;
			files = (
				50240B3C1DE43F0E00CB6681 /* LaunchScreen.storyboard in Resources */,
				50240B391DE43F0E00CB6681 /* Assets.xcassets in Resources */,
				50240B341DE43F0E00CB6681 /* Main.storyboard in Resources */,
			);
			runOnlyForDeploymentPostprocessing = 0;
		};
/* End PBXResourcesBuildPhase section */

/* Begin PBXShellScriptBuildPhase section */
		274440BAB7E3F2337EA02616 /* [CP] Check Pods Manifest.lock */ = {
			isa = PBXShellScriptBuildPhase;
			buildActionMask = 2147483647;
			files = (
			);
			inputPaths = (
			);
			name = "[CP] Check Pods Manifest.lock";
			outputPaths = (
			);
			runOnlyForDeploymentPostprocessing = 0;
			shellPath = /bin/sh;
			shellScript = "diff \"${PODS_ROOT}/../Podfile.lock\" \"${PODS_ROOT}/Manifest.lock\" > /dev/null\nif [ $? != 0 ] ; then\n    # print error to STDERR\n    echo \"error: The sandbox is not in sync with the Podfile.lock. Run 'pod install' or update your CocoaPods installation.\" >&2\n    exit 1\nfi\n";
			showEnvVarsInLog = 0;
		};
		30D926654750BE19546A4332 /* [CP] Embed Pods Frameworks */ = {
			isa = PBXShellScriptBuildPhase;
			buildActionMask = 2147483647;
			files = (
			);
			inputPaths = (
			);
			name = "[CP] Embed Pods Frameworks";
			outputPaths = (
			);
			runOnlyForDeploymentPostprocessing = 0;
			shellPath = /bin/sh;
			shellScript = "\"${SRCROOT}/Pods/Target Support Files/Pods-nanou-ios/Pods-nanou-ios-frameworks.sh\"\n";
			showEnvVarsInLog = 0;
		};
		46380BCE6AE443FCC70859CB /* [CP] Copy Pods Resources */ = {
			isa = PBXShellScriptBuildPhase;
			buildActionMask = 2147483647;
			files = (
			);
			inputPaths = (
			);
			name = "[CP] Copy Pods Resources";
			outputPaths = (
			);
			runOnlyForDeploymentPostprocessing = 0;
			shellPath = /bin/sh;
			shellScript = "\"${SRCROOT}/Pods/Target Support Files/Pods-nanou-ios/Pods-nanou-ios-resources.sh\"\n";
			showEnvVarsInLog = 0;
		};
		E71C0A5318BBEA8B7C098618 /* Tailor */ = {
			isa = PBXShellScriptBuildPhase;
			buildActionMask = 2147483647;
			files = (
			);
			inputPaths = (
			);
			name = Tailor;
			outputPaths = (
			);
			runOnlyForDeploymentPostprocessing = 0;
			shellPath = /bin/sh;
			shellScript = "if hash tailor 2>/dev/null; then\n  tailor\nelse\n  echo \"warning: Please install Tailor from https://tailor.sh\"\nfi";
		};
/* End PBXShellScriptBuildPhase section */

/* Begin PBXSourcesBuildPhase section */
		50240B271DE43F0D00CB6681 /* Sources */ = {
			isa = PBXSourcesBuildPhase;
			buildActionMask = 2147483647;
			files = (
				509D51BD1DE5999A0019BB63 /* LaunchViewController.swift in Sources */,
				5057F7981DE78527003A8850 /* LoginConfirmationViewController.swift in Sources */,
				50240B371DE43F0E00CB6681 /* nanou_ios.xcdatamodeld in Sources */,
				50EA85981DF56FAC00DFFE09 /* Color.swift in Sources */,
				5057F79A1DE78E82003A8850 /* Segues.swift in Sources */,
				509D51C41DE5CDA70019BB63 /* Routes.swift in Sources */,
				509D51C11DE5C7870019BB63 /* LoginCell.swift in Sources */,
				50240B2F1DE43F0E00CB6681 /* AppDelegate.swift in Sources */,
				504BC3361DF4532E00671614 /* UserProfileViewController.swift in Sources */,
				504BC3341DF448F200671614 /* Json.swift in Sources */,
			);
			runOnlyForDeploymentPostprocessing = 0;
		};
/* End PBXSourcesBuildPhase section */

/* Begin PBXVariantGroup section */
		50240B321DE43F0E00CB6681 /* Main.storyboard */ = {
			isa = PBXVariantGroup;
			children = (
				50240B331DE43F0E00CB6681 /* Base */,
			);
			name = Main.storyboard;
			sourceTree = "<group>";
		};
		50240B3A1DE43F0E00CB6681 /* LaunchScreen.storyboard */ = {
			isa = PBXVariantGroup;
			children = (
				50240B3B1DE43F0E00CB6681 /* Base */,
			);
			name = LaunchScreen.storyboard;
			sourceTree = "<group>";
		};
/* End PBXVariantGroup section */

/* Begin XCBuildConfiguration section */
		50240B3E1DE43F0E00CB6681 /* Debug */ = {
			isa = XCBuildConfiguration;
			buildSettings = {
				ALWAYS_SEARCH_USER_PATHS = NO;
				CLANG_ANALYZER_NONNULL = YES;
				CLANG_CXX_LANGUAGE_STANDARD = "gnu++0x";
				CLANG_CXX_LIBRARY = "libc++";
				CLANG_ENABLE_MODULES = YES;
				CLANG_ENABLE_OBJC_ARC = YES;
				CLANG_WARN_BOOL_CONVERSION = YES;
				CLANG_WARN_CONSTANT_CONVERSION = YES;
				CLANG_WARN_DIRECT_OBJC_ISA_USAGE = YES_ERROR;
				CLANG_WARN_DOCUMENTATION_COMMENTS = YES;
				CLANG_WARN_EMPTY_BODY = YES;
				CLANG_WARN_ENUM_CONVERSION = YES;
				CLANG_WARN_INFINITE_RECURSION = YES;
				CLANG_WARN_INT_CONVERSION = YES;
				CLANG_WARN_OBJC_ROOT_CLASS = YES_ERROR;
				CLANG_WARN_SUSPICIOUS_MOVES = YES;
				CLANG_WARN_UNREACHABLE_CODE = YES;
				CLANG_WARN__DUPLICATE_METHOD_MATCH = YES;
				"CODE_SIGN_IDENTITY[sdk=iphoneos*]" = "iPhone Developer";
				COPY_PHASE_STRIP = NO;
				DEBUG_INFORMATION_FORMAT = dwarf;
				ENABLE_STRICT_OBJC_MSGSEND = YES;
				ENABLE_TESTABILITY = YES;
				GCC_C_LANGUAGE_STANDARD = gnu99;
				GCC_DYNAMIC_NO_PIC = NO;
				GCC_NO_COMMON_BLOCKS = YES;
				GCC_OPTIMIZATION_LEVEL = 0;
				GCC_PREPROCESSOR_DEFINITIONS = (
					"DEBUG=1",
					"$(inherited)",
				);
				GCC_WARN_64_TO_32_BIT_CONVERSION = YES;
				GCC_WARN_ABOUT_RETURN_TYPE = YES_ERROR;
				GCC_WARN_UNDECLARED_SELECTOR = YES;
				GCC_WARN_UNINITIALIZED_AUTOS = YES_AGGRESSIVE;
				GCC_WARN_UNUSED_FUNCTION = YES;
				GCC_WARN_UNUSED_VARIABLE = YES;
				IPHONEOS_DEPLOYMENT_TARGET = 10.1;
				MTL_ENABLE_DEBUG_INFO = YES;
				ONLY_ACTIVE_ARCH = YES;
				SDKROOT = iphoneos;
				SWIFT_ACTIVE_COMPILATION_CONDITIONS = DEBUG;
				SWIFT_OPTIMIZATION_LEVEL = "-Onone";
				TARGETED_DEVICE_FAMILY = "1,2";
			};
			name = Debug;
		};
		50240B3F1DE43F0E00CB6681 /* Release */ = {
			isa = XCBuildConfiguration;
			buildSettings = {
				ALWAYS_SEARCH_USER_PATHS = NO;
				CLANG_ANALYZER_NONNULL = YES;
				CLANG_CXX_LANGUAGE_STANDARD = "gnu++0x";
				CLANG_CXX_LIBRARY = "libc++";
				CLANG_ENABLE_MODULES = YES;
				CLANG_ENABLE_OBJC_ARC = YES;
				CLANG_WARN_BOOL_CONVERSION = YES;
				CLANG_WARN_CONSTANT_CONVERSION = YES;
				CLANG_WARN_DIRECT_OBJC_ISA_USAGE = YES_ERROR;
				CLANG_WARN_DOCUMENTATION_COMMENTS = YES;
				CLANG_WARN_EMPTY_BODY = YES;
				CLANG_WARN_ENUM_CONVERSION = YES;
				CLANG_WARN_INFINITE_RECURSION = YES;
				CLANG_WARN_INT_CONVERSION = YES;
				CLANG_WARN_OBJC_ROOT_CLASS = YES_ERROR;
				CLANG_WARN_SUSPICIOUS_MOVES = YES;
				CLANG_WARN_UNREACHABLE_CODE = YES;
				CLANG_WARN__DUPLICATE_METHOD_MATCH = YES;
				"CODE_SIGN_IDENTITY[sdk=iphoneos*]" = "iPhone Developer";
				COPY_PHASE_STRIP = NO;
				DEBUG_INFORMATION_FORMAT = "dwarf-with-dsym";
				ENABLE_NS_ASSERTIONS = NO;
				ENABLE_STRICT_OBJC_MSGSEND = YES;
				GCC_C_LANGUAGE_STANDARD = gnu99;
				GCC_NO_COMMON_BLOCKS = YES;
				GCC_WARN_64_TO_32_BIT_CONVERSION = YES;
				GCC_WARN_ABOUT_RETURN_TYPE = YES_ERROR;
				GCC_WARN_UNDECLARED_SELECTOR = YES;
				GCC_WARN_UNINITIALIZED_AUTOS = YES_AGGRESSIVE;
				GCC_WARN_UNUSED_FUNCTION = YES;
				GCC_WARN_UNUSED_VARIABLE = YES;
				IPHONEOS_DEPLOYMENT_TARGET = 10.1;
				MTL_ENABLE_DEBUG_INFO = NO;
				SDKROOT = iphoneos;
				SWIFT_OPTIMIZATION_LEVEL = "-Owholemodule";
				TARGETED_DEVICE_FAMILY = "1,2";
				VALIDATE_PRODUCT = YES;
			};
			name = Release;
		};
		50240B411DE43F0E00CB6681 /* Debug */ = {
			isa = XCBuildConfiguration;
			baseConfigurationReference = 78D5341128C812394DF67E7A /* Pods-nanou-ios.debug.xcconfig */;
			buildSettings = {
				ASSETCATALOG_COMPILER_APPICON_NAME = AppIcon;
				DEVELOPMENT_TEAM = WP53SSE8S6;
				INFOPLIST_FILE = "nanou-ios/Info.plist";
				LD_RUNPATH_SEARCH_PATHS = "$(inherited) @executable_path/Frameworks";
				PRODUCT_BUNDLE_IDENTIFIER = "de.maxbothe.nanou-ios";
				PRODUCT_NAME = "$(TARGET_NAME)";
			};
			name = Debug;
		};
		50240B421DE43F0E00CB6681 /* Release */ = {
			isa = XCBuildConfiguration;
			baseConfigurationReference = F77E5BC4C911AEEAF8978D18 /* Pods-nanou-ios.release.xcconfig */;
			buildSettings = {
				ASSETCATALOG_COMPILER_APPICON_NAME = AppIcon;
				DEVELOPMENT_TEAM = WP53SSE8S6;
				INFOPLIST_FILE = "nanou-ios/Info.plist";
				LD_RUNPATH_SEARCH_PATHS = "$(inherited) @executable_path/Frameworks";
				PRODUCT_BUNDLE_IDENTIFIER = "de.maxbothe.nanou-ios";
				PRODUCT_NAME = "$(TARGET_NAME)";
			};
			name = Release;
		};
/* End XCBuildConfiguration section */

/* Begin XCConfigurationList section */
		50240B261DE43F0D00CB6681 /* Build configuration list for PBXProject "nanou-ios" */ = {
			isa = XCConfigurationList;
			buildConfigurations = (
				50240B3E1DE43F0E00CB6681 /* Debug */,
				50240B3F1DE43F0E00CB6681 /* Release */,
			);
			defaultConfigurationIsVisible = 0;
			defaultConfigurationName = Release;
		};
		50240B401DE43F0E00CB6681 /* Build configuration list for PBXNativeTarget "nanou-ios" */ = {
			isa = XCConfigurationList;
			buildConfigurations = (
				50240B411DE43F0E00CB6681 /* Debug */,
				50240B421DE43F0E00CB6681 /* Release */,
			);
			defaultConfigurationIsVisible = 0;
			defaultConfigurationName = Release;
		};
/* End XCConfigurationList section */

/* Begin XCVersionGroup section */
		50240B351DE43F0E00CB6681 /* nanou_ios.xcdatamodeld */ = {
			isa = XCVersionGroup;
			children = (
				50240B361DE43F0E00CB6681 /* nanou_ios.xcdatamodel */,
			);
			currentVersion = 50240B361DE43F0E00CB6681 /* nanou_ios.xcdatamodel */;
			path = nanou_ios.xcdatamodeld;
			sourceTree = "<group>";
			versionGroupType = wrapper.xcdatamodel;
		};
/* End XCVersionGroup section */
	};
	rootObject = 50240B231DE43F0D00CB6681 /* Project object */;
}
