// !$*UTF8*$!
{
	archiveVersion = 1;
	classes = {
	};
	objectVersion = 46;
	objects = {

/* Begin PBXBuildFile section */
		5000A1701DF6B2980070636E /* NotificationHelper.swift in Sources */ = {isa = PBXBuildFile; fileRef = 5000A16F1DF6B2980070636E /* NotificationHelper.swift */; };
		501040781E40A5EF0043F62E /* RemoteImageView.swift in Sources */ = {isa = PBXBuildFile; fileRef = 501040771E40A5EF0043F62E /* RemoteImageView.swift */; };
		5010407A1E40E5700043F62E /* WatchedVideo.swift in Sources */ = {isa = PBXBuildFile; fileRef = 501040791E40E5700043F62E /* WatchedVideo.swift */; };
		50240B2F1DE43F0E00CB6681 /* AppDelegate.swift in Sources */ = {isa = PBXBuildFile; fileRef = 50240B2E1DE43F0E00CB6681 /* AppDelegate.swift */; };
		50240B341DE43F0E00CB6681 /* Main.storyboard in Resources */ = {isa = PBXBuildFile; fileRef = 50240B321DE43F0E00CB6681 /* Main.storyboard */; };
		50240B371DE43F0E00CB6681 /* nanou_ios.xcdatamodeld in Sources */ = {isa = PBXBuildFile; fileRef = 50240B351DE43F0E00CB6681 /* nanou_ios.xcdatamodeld */; };
		50240B391DE43F0E00CB6681 /* Assets.xcassets in Resources */ = {isa = PBXBuildFile; fileRef = 50240B381DE43F0E00CB6681 /* Assets.xcassets */; };
		50240B3C1DE43F0E00CB6681 /* LaunchScreen.storyboard in Resources */ = {isa = PBXBuildFile; fileRef = 50240B3A1DE43F0E00CB6681 /* LaunchScreen.storyboard */; };
		502936BC1DF838B60087A2D4 /* CoreDataHelper.swift in Sources */ = {isa = PBXBuildFile; fileRef = 502936BB1DF838B60087A2D4 /* CoreDataHelper.swift */; };
		502936CA1DF845200087A2D4 /* Preference.swift in Sources */ = {isa = PBXBuildFile; fileRef = 502936C91DF845200087A2D4 /* Preference.swift */; };
		502936D01DF854340087A2D4 /* PreferenceHelper.swift in Sources */ = {isa = PBXBuildFile; fileRef = 502936CF1DF854340087A2D4 /* PreferenceHelper.swift */; };
		502936D21DF867280087A2D4 /* PreferencesViewController.swift in Sources */ = {isa = PBXBuildFile; fileRef = 502936D11DF867280087A2D4 /* PreferencesViewController.swift */; };
		502936D61DF8C2F50087A2D4 /* PreferenceCell.swift in Sources */ = {isa = PBXBuildFile; fileRef = 502936D51DF8C2F50087A2D4 /* PreferenceCell.swift */; };
		504BC3341DF448F200671614 /* Json.swift in Sources */ = {isa = PBXBuildFile; fileRef = 504BC3331DF448F200671614 /* Json.swift */; };
		504BC3361DF4532E00671614 /* UserProfileViewController.swift in Sources */ = {isa = PBXBuildFile; fileRef = 504BC3351DF4532E00671614 /* UserProfileViewController.swift */; };
		504CAFF21E1BCE7800EF5482 /* BubbleNode.swift in Sources */ = {isa = PBXBuildFile; fileRef = 504CAFF11E1BCE7800EF5482 /* BubbleNode.swift */; };
		504CAFF41E1BCEAF00EF5482 /* BubbleScene.swift in Sources */ = {isa = PBXBuildFile; fileRef = 504CAFF31E1BCEAE00EF5482 /* BubbleScene.swift */; };
		504CCEAB1DF8064E00CF0DFD /* BaseModel.swift in Sources */ = {isa = PBXBuildFile; fileRef = 504CCEAA1DF8064E00CF0DFD /* BaseModel.swift */; };
		504CCEAD1DF8069D00CF0DFD /* BaseModelSpine.swift in Sources */ = {isa = PBXBuildFile; fileRef = 504CCEAC1DF8069D00CF0DFD /* BaseModelSpine.swift */; };
		504CCEAF1DF808CC00CF0DFD /* SpineHelper.swift in Sources */ = {isa = PBXBuildFile; fileRef = 504CCEAE1DF808CC00CF0DFD /* SpineHelper.swift */; };
		504CCEB11DF80AA700CF0DFD /* SpineModelHelper.swift in Sources */ = {isa = PBXBuildFile; fileRef = 504CCEB01DF80AA700CF0DFD /* SpineModelHelper.swift */; };
		5057F7981DE78527003A8850 /* LoginConfirmationViewController.swift in Sources */ = {isa = PBXBuildFile; fileRef = 5057F7971DE78527003A8850 /* LoginConfirmationViewController.swift */; };
		5057F79A1DE78E82003A8850 /* Segues.swift in Sources */ = {isa = PBXBuildFile; fileRef = 5057F7991DE78E82003A8850 /* Segues.swift */; };
		50601B4F1E535E1700000D4A /* HistoryViewController.swift in Sources */ = {isa = PBXBuildFile; fileRef = 50601B4E1E535E1700000D4A /* HistoryViewController.swift */; };
		50601B511E535FEB00000D4A /* HistoryVideo.swift in Sources */ = {isa = PBXBuildFile; fileRef = 50601B501E535FEB00000D4A /* HistoryVideo.swift */; };
		50601B531E5364E900000D4A /* HistoryHelper.swift in Sources */ = {isa = PBXBuildFile; fileRef = 50601B521E5364E900000D4A /* HistoryHelper.swift */; };
		50601B551E53947200000D4A /* HistoryCell.swift in Sources */ = {isa = PBXBuildFile; fileRef = 50601B541E53947200000D4A /* HistoryCell.swift */; };
		506661FE1E6701B90060FF2F /* SurveyHelper.swift in Sources */ = {isa = PBXBuildFile; fileRef = 506661FD1E6701B90060FF2F /* SurveyHelper.swift */; };
		5084F7C51E421808006AA1EA /* SpineNetworkProcedure.swift in Sources */ = {isa = PBXBuildFile; fileRef = 5084F7C41E421808006AA1EA /* SpineNetworkProcedure.swift */; };
		5084F7C71E43E7AB006AA1EA /* BaseModelHelper.swift in Sources */ = {isa = PBXBuildFile; fileRef = 5084F7C61E43E7AB006AA1EA /* BaseModelHelper.swift */; };
		5084F7C91E43E81C006AA1EA /* FetchProdecure.swift in Sources */ = {isa = PBXBuildFile; fileRef = 5084F7C81E43E81C006AA1EA /* FetchProdecure.swift */; };
		5084F7CB1E447BA5006AA1EA /* CoreDataNetworkProcedure.swift in Sources */ = {isa = PBXBuildFile; fileRef = 5084F7CA1E447BA5006AA1EA /* CoreDataNetworkProcedure.swift */; };
		509D51BD1DE5999A0019BB63 /* LaunchViewController.swift in Sources */ = {isa = PBXBuildFile; fileRef = 509D51BC1DE5999A0019BB63 /* LaunchViewController.swift */; };
		509D51C11DE5C7870019BB63 /* LoginCell.swift in Sources */ = {isa = PBXBuildFile; fileRef = 509D51C01DE5C7870019BB63 /* LoginCell.swift */; };
		509D51C41DE5CDA70019BB63 /* Routes.swift in Sources */ = {isa = PBXBuildFile; fileRef = 509D51C31DE5CDA70019BB63 /* Routes.swift */; };
		50B270381E2FBF1F00F72502 /* SyncHelper.swift in Sources */ = {isa = PBXBuildFile; fileRef = 50B270371E2FBF1F00F72502 /* SyncHelper.swift */; };
		50B270451E3218C500F72502 /* SaveProcedure.swift in Sources */ = {isa = PBXBuildFile; fileRef = 50B270441E3218C500F72502 /* SaveProcedure.swift */; };
		50B76C961E65769300A86123 /* ImageViewPlaceholder.swift in Sources */ = {isa = PBXBuildFile; fileRef = 50B76C951E65769300A86123 /* ImageViewPlaceholder.swift */; };
		50B76C981E65C03800A86123 /* GoogleService-Info.plist in Resources */ = {isa = PBXBuildFile; fileRef = 50B76C971E65C03800A86123 /* GoogleService-Info.plist */; };
		50B76C9A1E65C70000A86123 /* FirebaseHelper.swift in Sources */ = {isa = PBXBuildFile; fileRef = 50B76C991E65C70000A86123 /* FirebaseHelper.swift */; };
		50BEDB4E1E37798900591F5D /* Video.swift in Sources */ = {isa = PBXBuildFile; fileRef = 50BEDB4D1E37798900591F5D /* Video.swift */; };
		50CFFAA51E27AD8A00EA0CFE /* LoginDelegate.swift in Sources */ = {isa = PBXBuildFile; fileRef = 50CFFAA41E27AD8A00EA0CFE /* LoginDelegate.swift */; };
		50CFFAA71E27B3A100EA0CFE /* InitialPreferenceViewController.swift in Sources */ = {isa = PBXBuildFile; fileRef = 50CFFAA61E27B3A100EA0CFE /* InitialPreferenceViewController.swift */; };
		50D13BCE1E6EDD74004B9A11 /* intro-outro.mp4 in Resources */ = {isa = PBXBuildFile; fileRef = 50D13BCD1E6EDD74004B9A11 /* intro-outro.mp4 */; };
		50D13BD01E6EF438004B9A11 /* NanouPlayer.swift in Sources */ = {isa = PBXBuildFile; fileRef = 50D13BCF1E6EF438004B9A11 /* NanouPlayer.swift */; };
		50D503271E254C4600C16D14 /* Login.storyboard in Resources */ = {isa = PBXBuildFile; fileRef = 50D503251E254C4600C16D14 /* Login.storyboard */; };
		50D503291E26A0C600C16D14 /* LoginProviderViewController.swift in Sources */ = {isa = PBXBuildFile; fileRef = 50D503281E26A0C600C16D14 /* LoginProviderViewController.swift */; };
		50E9085C1E38E863005931C1 /* VideosViewController.swift in Sources */ = {isa = PBXBuildFile; fileRef = 50E9085B1E38E862005931C1 /* VideosViewController.swift */; };
		50E9085E1E38F552005931C1 /* VideoHelper.swift in Sources */ = {isa = PBXBuildFile; fileRef = 50E9085D1E38F552005931C1 /* VideoHelper.swift */; };
		50E90A1C1E3A37ED005931C1 /* RateVideoViewController.swift in Sources */ = {isa = PBXBuildFile; fileRef = 50E90A1B1E3A37EC005931C1 /* RateVideoViewController.swift */; };
		50EA85981DF56FAC00DFFE09 /* Color.swift in Sources */ = {isa = PBXBuildFile; fileRef = 50EA85971DF56FAC00DFFE09 /* Color.swift */; };
		50EA859E1DF5794C00DFFE09 /* UserProfileHelper.swift in Sources */ = {isa = PBXBuildFile; fileRef = 50EA859D1DF5794C00DFFE09 /* UserProfileHelper.swift */; };
		50EA85A01DF5811500DFFE09 /* NetworkHelper.swift in Sources */ = {isa = PBXBuildFile; fileRef = 50EA859F1DF5811500DFFE09 /* NetworkHelper.swift */; };
		50EA85A21DF597B900DFFE09 /* Error.swift in Sources */ = {isa = PBXBuildFile; fileRef = 50EA85A11DF597B900DFFE09 /* Error.swift */; };
		50F64E361E3B83CB00419003 /* PagedUICollectionViewLayout.swift in Sources */ = {isa = PBXBuildFile; fileRef = 50F64E351E3B83CB00419003 /* PagedUICollectionViewLayout.swift */; };
		50F64E381E3B85E700419003 /* VideoCell.swift in Sources */ = {isa = PBXBuildFile; fileRef = 50F64E371E3B85E700419003 /* VideoCell.swift */; };
		8361F0707357994E12F56B4C /* Pods_nanou_ios.framework in Frameworks */ = {isa = PBXBuildFile; fileRef = FBEE94DB21BBCFA5A5869180 /* Pods_nanou_ios.framework */; };
/* End PBXBuildFile section */

/* Begin PBXFileReference section */
		08A9B99B0EAA70F22CC17622 /* Pods-nanou-ios.release.xcconfig */ = {isa = PBXFileReference; includeInIndex = 1; lastKnownFileType = text.xcconfig; name = "Pods-nanou-ios.release.xcconfig"; path = "Pods/Target Support Files/Pods-nanou-ios/Pods-nanou-ios.release.xcconfig"; sourceTree = "<group>"; };
		1D78B86D79986E5EE78F052A /* Pods-nanou-ios.debug.xcconfig */ = {isa = PBXFileReference; includeInIndex = 1; lastKnownFileType = text.xcconfig; name = "Pods-nanou-ios.debug.xcconfig"; path = "Pods/Target Support Files/Pods-nanou-ios/Pods-nanou-ios.debug.xcconfig"; sourceTree = "<group>"; };
		5000A16F1DF6B2980070636E /* NotificationHelper.swift */ = {isa = PBXFileReference; fileEncoding = 4; lastKnownFileType = sourcecode.swift; name = NotificationHelper.swift; path = Helper/NotificationHelper.swift; sourceTree = "<group>"; };
		501040771E40A5EF0043F62E /* RemoteImageView.swift */ = {isa = PBXFileReference; fileEncoding = 4; lastKnownFileType = sourcecode.swift; name = RemoteImageView.swift; path = Helper/RemoteImageView.swift; sourceTree = "<group>"; };
		501040791E40E5700043F62E /* WatchedVideo.swift */ = {isa = PBXFileReference; fileEncoding = 4; lastKnownFileType = sourcecode.swift; name = WatchedVideo.swift; path = Model/WatchedVideo.swift; sourceTree = "<group>"; };
		50240B2B1DE43F0E00CB6681 /* nanou-ios.app */ = {isa = PBXFileReference; explicitFileType = wrapper.application; includeInIndex = 0; path = "nanou-ios.app"; sourceTree = BUILT_PRODUCTS_DIR; };
		50240B2E1DE43F0E00CB6681 /* AppDelegate.swift */ = {isa = PBXFileReference; lastKnownFileType = sourcecode.swift; path = AppDelegate.swift; sourceTree = "<group>"; };
		50240B331DE43F0E00CB6681 /* Base */ = {isa = PBXFileReference; lastKnownFileType = file.storyboard; name = Base; path = Base.lproj/Main.storyboard; sourceTree = "<group>"; };
		50240B361DE43F0E00CB6681 /* nanou_ios.xcdatamodel */ = {isa = PBXFileReference; lastKnownFileType = wrapper.xcdatamodel; path = nanou_ios.xcdatamodel; sourceTree = "<group>"; };
		50240B381DE43F0E00CB6681 /* Assets.xcassets */ = {isa = PBXFileReference; lastKnownFileType = folder.assetcatalog; path = Assets.xcassets; sourceTree = "<group>"; };
		50240B3B1DE43F0E00CB6681 /* Base */ = {isa = PBXFileReference; lastKnownFileType = file.storyboard; name = Base; path = Base.lproj/LaunchScreen.storyboard; sourceTree = "<group>"; };
		50240B3D1DE43F0E00CB6681 /* Info.plist */ = {isa = PBXFileReference; lastKnownFileType = text.plist.xml; path = Info.plist; sourceTree = "<group>"; };
		502936BB1DF838B60087A2D4 /* CoreDataHelper.swift */ = {isa = PBXFileReference; fileEncoding = 4; lastKnownFileType = sourcecode.swift; name = CoreDataHelper.swift; path = Helper/CoreDataHelper.swift; sourceTree = "<group>"; };
		502936C91DF845200087A2D4 /* Preference.swift */ = {isa = PBXFileReference; fileEncoding = 4; lastKnownFileType = sourcecode.swift; name = Preference.swift; path = Model/Preference.swift; sourceTree = "<group>"; };
		502936CF1DF854340087A2D4 /* PreferenceHelper.swift */ = {isa = PBXFileReference; fileEncoding = 4; lastKnownFileType = sourcecode.swift; name = PreferenceHelper.swift; path = Helper/PreferenceHelper.swift; sourceTree = "<group>"; };
		502936D11DF867280087A2D4 /* PreferencesViewController.swift */ = {isa = PBXFileReference; fileEncoding = 4; lastKnownFileType = sourcecode.swift; name = PreferencesViewController.swift; path = ViewControllers/PreferencesViewController.swift; sourceTree = "<group>"; };
		502936D51DF8C2F50087A2D4 /* PreferenceCell.swift */ = {isa = PBXFileReference; fileEncoding = 4; lastKnownFileType = sourcecode.swift; name = PreferenceCell.swift; path = Views/PreferenceCell.swift; sourceTree = "<group>"; };
		504BC3331DF448F200671614 /* Json.swift */ = {isa = PBXFileReference; fileEncoding = 4; lastKnownFileType = sourcecode.swift; name = Json.swift; path = Helper/Json.swift; sourceTree = "<group>"; };
		504BC3351DF4532E00671614 /* UserProfileViewController.swift */ = {isa = PBXFileReference; fileEncoding = 4; lastKnownFileType = sourcecode.swift; name = UserProfileViewController.swift; path = ViewControllers/UserProfileViewController.swift; sourceTree = "<group>"; };
		504CAFF11E1BCE7800EF5482 /* BubbleNode.swift */ = {isa = PBXFileReference; fileEncoding = 4; lastKnownFileType = sourcecode.swift; name = BubbleNode.swift; path = Views/BubbleNode.swift; sourceTree = "<group>"; };
		504CAFF31E1BCEAE00EF5482 /* BubbleScene.swift */ = {isa = PBXFileReference; fileEncoding = 4; lastKnownFileType = sourcecode.swift; path = BubbleScene.swift; sourceTree = "<group>"; };
		504CCEAA1DF8064E00CF0DFD /* BaseModel.swift */ = {isa = PBXFileReference; fileEncoding = 4; lastKnownFileType = sourcecode.swift; name = BaseModel.swift; path = Model/BaseModel.swift; sourceTree = "<group>"; };
		504CCEAC1DF8069D00CF0DFD /* BaseModelSpine.swift */ = {isa = PBXFileReference; fileEncoding = 4; lastKnownFileType = sourcecode.swift; name = BaseModelSpine.swift; path = Model/BaseModelSpine.swift; sourceTree = "<group>"; };
		504CCEAE1DF808CC00CF0DFD /* SpineHelper.swift */ = {isa = PBXFileReference; fileEncoding = 4; lastKnownFileType = sourcecode.swift; name = SpineHelper.swift; path = Helper/SpineHelper.swift; sourceTree = "<group>"; };
		504CCEB01DF80AA700CF0DFD /* SpineModelHelper.swift */ = {isa = PBXFileReference; fileEncoding = 4; lastKnownFileType = sourcecode.swift; name = SpineModelHelper.swift; path = Helper/SpineModelHelper.swift; sourceTree = "<group>"; };
		5057F7971DE78527003A8850 /* LoginConfirmationViewController.swift */ = {isa = PBXFileReference; fileEncoding = 4; lastKnownFileType = sourcecode.swift; name = LoginConfirmationViewController.swift; path = ViewControllers/LoginConfirmationViewController.swift; sourceTree = "<group>"; };
		5057F7991DE78E82003A8850 /* Segues.swift */ = {isa = PBXFileReference; fileEncoding = 4; lastKnownFileType = sourcecode.swift; name = Segues.swift; path = Helper/Segues.swift; sourceTree = "<group>"; };
		50601B4E1E535E1700000D4A /* HistoryViewController.swift */ = {isa = PBXFileReference; fileEncoding = 4; lastKnownFileType = sourcecode.swift; name = HistoryViewController.swift; path = ViewControllers/HistoryViewController.swift; sourceTree = "<group>"; };
		50601B501E535FEB00000D4A /* HistoryVideo.swift */ = {isa = PBXFileReference; fileEncoding = 4; lastKnownFileType = sourcecode.swift; name = HistoryVideo.swift; path = Model/HistoryVideo.swift; sourceTree = "<group>"; };
		50601B521E5364E900000D4A /* HistoryHelper.swift */ = {isa = PBXFileReference; fileEncoding = 4; lastKnownFileType = sourcecode.swift; name = HistoryHelper.swift; path = Model/HistoryHelper.swift; sourceTree = "<group>"; };
		50601B541E53947200000D4A /* HistoryCell.swift */ = {isa = PBXFileReference; fileEncoding = 4; lastKnownFileType = sourcecode.swift; name = HistoryCell.swift; path = Views/HistoryCell.swift; sourceTree = "<group>"; };
		506661FD1E6701B90060FF2F /* SurveyHelper.swift */ = {isa = PBXFileReference; fileEncoding = 4; lastKnownFileType = sourcecode.swift; name = SurveyHelper.swift; path = Helper/SurveyHelper.swift; sourceTree = "<group>"; };
		5084F7C41E421808006AA1EA /* SpineNetworkProcedure.swift */ = {isa = PBXFileReference; fileEncoding = 4; lastKnownFileType = sourcecode.swift; name = SpineNetworkProcedure.swift; path = Procedures/SpineNetworkProcedure.swift; sourceTree = "<group>"; };
		5084F7C61E43E7AB006AA1EA /* BaseModelHelper.swift */ = {isa = PBXFileReference; fileEncoding = 4; lastKnownFileType = sourcecode.swift; name = BaseModelHelper.swift; path = Helper/BaseModelHelper.swift; sourceTree = "<group>"; };
		5084F7C81E43E81C006AA1EA /* FetchProdecure.swift */ = {isa = PBXFileReference; fileEncoding = 4; lastKnownFileType = sourcecode.swift; name = FetchProdecure.swift; path = Procedures/FetchProdecure.swift; sourceTree = "<group>"; };
		5084F7CA1E447BA5006AA1EA /* CoreDataNetworkProcedure.swift */ = {isa = PBXFileReference; fileEncoding = 4; lastKnownFileType = sourcecode.swift; name = CoreDataNetworkProcedure.swift; path = Procedures/CoreDataNetworkProcedure.swift; sourceTree = "<group>"; };
		509D51BC1DE5999A0019BB63 /* LaunchViewController.swift */ = {isa = PBXFileReference; fileEncoding = 4; lastKnownFileType = sourcecode.swift; name = LaunchViewController.swift; path = ViewControllers/LaunchViewController.swift; sourceTree = "<group>"; };
		509D51C01DE5C7870019BB63 /* LoginCell.swift */ = {isa = PBXFileReference; fileEncoding = 4; lastKnownFileType = sourcecode.swift; name = LoginCell.swift; path = Views/LoginCell.swift; sourceTree = "<group>"; };
		509D51C31DE5CDA70019BB63 /* Routes.swift */ = {isa = PBXFileReference; fileEncoding = 4; lastKnownFileType = sourcecode.swift; name = Routes.swift; path = Helper/Routes.swift; sourceTree = "<group>"; };
		50B270371E2FBF1F00F72502 /* SyncHelper.swift */ = {isa = PBXFileReference; fileEncoding = 4; lastKnownFileType = sourcecode.swift; name = SyncHelper.swift; path = Helper/SyncHelper.swift; sourceTree = "<group>"; };
		50B270441E3218C500F72502 /* SaveProcedure.swift */ = {isa = PBXFileReference; fileEncoding = 4; lastKnownFileType = sourcecode.swift; name = SaveProcedure.swift; path = Procedures/SaveProcedure.swift; sourceTree = "<group>"; };
		50B76C951E65769300A86123 /* ImageViewPlaceholder.swift */ = {isa = PBXFileReference; fileEncoding = 4; lastKnownFileType = sourcecode.swift; name = ImageViewPlaceholder.swift; path = Helper/ImageViewPlaceholder.swift; sourceTree = "<group>"; };
		50B76C971E65C03800A86123 /* GoogleService-Info.plist */ = {isa = PBXFileReference; fileEncoding = 4; lastKnownFileType = text.plist.xml; path = "GoogleService-Info.plist"; sourceTree = "<group>"; };
		50B76C991E65C70000A86123 /* FirebaseHelper.swift */ = {isa = PBXFileReference; fileEncoding = 4; lastKnownFileType = sourcecode.swift; name = FirebaseHelper.swift; path = Helper/FirebaseHelper.swift; sourceTree = "<group>"; };
		50BEDB4D1E37798900591F5D /* Video.swift */ = {isa = PBXFileReference; fileEncoding = 4; lastKnownFileType = sourcecode.swift; name = Video.swift; path = Model/Video.swift; sourceTree = "<group>"; };
		50CFFAA41E27AD8A00EA0CFE /* LoginDelegate.swift */ = {isa = PBXFileReference; fileEncoding = 4; lastKnownFileType = sourcecode.swift; name = LoginDelegate.swift; path = Helper/LoginDelegate.swift; sourceTree = "<group>"; };
		50CFFAA61E27B3A100EA0CFE /* InitialPreferenceViewController.swift */ = {isa = PBXFileReference; fileEncoding = 4; lastKnownFileType = sourcecode.swift; name = InitialPreferenceViewController.swift; path = ViewControllers/InitialPreferenceViewController.swift; sourceTree = "<group>"; };
		50D13BCD1E6EDD74004B9A11 /* intro-outro.mp4 */ = {isa = PBXFileReference; lastKnownFileType = file; path = "intro-outro.mp4"; sourceTree = "<group>"; };
		50D13BCF1E6EF438004B9A11 /* NanouPlayer.swift */ = {isa = PBXFileReference; fileEncoding = 4; lastKnownFileType = sourcecode.swift; name = NanouPlayer.swift; path = Helper/NanouPlayer.swift; sourceTree = "<group>"; };
		50D503261E254C4600C16D14 /* Base */ = {isa = PBXFileReference; lastKnownFileType = file.storyboard; name = Base; path = Base.lproj/Login.storyboard; sourceTree = "<group>"; };
		50D503281E26A0C600C16D14 /* LoginProviderViewController.swift */ = {isa = PBXFileReference; fileEncoding = 4; lastKnownFileType = sourcecode.swift; name = LoginProviderViewController.swift; path = ViewControllers/LoginProviderViewController.swift; sourceTree = "<group>"; };
		50E9085B1E38E862005931C1 /* VideosViewController.swift */ = {isa = PBXFileReference; fileEncoding = 4; lastKnownFileType = sourcecode.swift; name = VideosViewController.swift; path = ViewControllers/VideosViewController.swift; sourceTree = "<group>"; };
		50E9085D1E38F552005931C1 /* VideoHelper.swift */ = {isa = PBXFileReference; fileEncoding = 4; lastKnownFileType = sourcecode.swift; name = VideoHelper.swift; path = Helper/VideoHelper.swift; sourceTree = "<group>"; };
		50E90A1B1E3A37EC005931C1 /* RateVideoViewController.swift */ = {isa = PBXFileReference; fileEncoding = 4; lastKnownFileType = sourcecode.swift; name = RateVideoViewController.swift; path = ViewControllers/RateVideoViewController.swift; sourceTree = "<group>"; };
		50EA85971DF56FAC00DFFE09 /* Color.swift */ = {isa = PBXFileReference; fileEncoding = 4; lastKnownFileType = sourcecode.swift; name = Color.swift; path = Helper/Color.swift; sourceTree = "<group>"; };
		50EA859D1DF5794C00DFFE09 /* UserProfileHelper.swift */ = {isa = PBXFileReference; fileEncoding = 4; lastKnownFileType = sourcecode.swift; name = UserProfileHelper.swift; path = Helper/UserProfileHelper.swift; sourceTree = "<group>"; };
		50EA859F1DF5811500DFFE09 /* NetworkHelper.swift */ = {isa = PBXFileReference; fileEncoding = 4; lastKnownFileType = sourcecode.swift; name = NetworkHelper.swift; path = Helper/NetworkHelper.swift; sourceTree = "<group>"; };
		50EA85A11DF597B900DFFE09 /* Error.swift */ = {isa = PBXFileReference; fileEncoding = 4; lastKnownFileType = sourcecode.swift; name = Error.swift; path = Helper/Error.swift; sourceTree = "<group>"; };
		50F64E351E3B83CB00419003 /* PagedUICollectionViewLayout.swift */ = {isa = PBXFileReference; fileEncoding = 4; lastKnownFileType = sourcecode.swift; name = PagedUICollectionViewLayout.swift; path = Helper/PagedUICollectionViewLayout.swift; sourceTree = "<group>"; };
		50F64E371E3B85E700419003 /* VideoCell.swift */ = {isa = PBXFileReference; fileEncoding = 4; lastKnownFileType = sourcecode.swift; name = VideoCell.swift; path = Views/VideoCell.swift; sourceTree = "<group>"; };
		FBEE94DB21BBCFA5A5869180 /* Pods_nanou_ios.framework */ = {isa = PBXFileReference; explicitFileType = wrapper.framework; includeInIndex = 0; path = Pods_nanou_ios.framework; sourceTree = BUILT_PRODUCTS_DIR; };
/* End PBXFileReference section */

/* Begin PBXFrameworksBuildPhase section */
		50240B281DE43F0D00CB6681 /* Frameworks */ = {
			isa = PBXFrameworksBuildPhase;
			buildActionMask = 2147483647;
			files = (
				8361F0707357994E12F56B4C /* Pods_nanou_ios.framework in Frameworks */,
			);
			runOnlyForDeploymentPostprocessing = 0;
		};
/* End PBXFrameworksBuildPhase section */

/* Begin PBXGroup section */
		50240B221DE43F0D00CB6681 = {
			isa = PBXGroup;
			children = (
				50240B2D1DE43F0E00CB6681 /* nanou-ios */,
				50240B2C1DE43F0E00CB6681 /* Products */,
				5D2BBE55C3E40B653813DF31 /* Pods */,
				7A452EDD003E3EE3BC23A73A /* Frameworks */,
			);
			sourceTree = "<group>";
		};
		50240B2C1DE43F0E00CB6681 /* Products */ = {
			isa = PBXGroup;
			children = (
				50240B2B1DE43F0E00CB6681 /* nanou-ios.app */,
			);
			name = Products;
			sourceTree = "<group>";
		};
		50240B2D1DE43F0E00CB6681 /* nanou-ios */ = {
			isa = PBXGroup;
			children = (
				50240B2E1DE43F0E00CB6681 /* AppDelegate.swift */,
				50B270431E32189900F72502 /* Procedures */,
				509D51C21DE5CD840019BB63 /* Helper */,
				504CCEA91DF805DB00CF0DFD /* Model */,
				509D51BF1DE5C76B0019BB63 /* Views */,
				509D51BE1DE5C7580019BB63 /* ViewControllers */,
				50240B321DE43F0E00CB6681 /* Main.storyboard */,
				50D503251E254C4600C16D14 /* Login.storyboard */,
				50240B381DE43F0E00CB6681 /* Assets.xcassets */,
				50D13BCD1E6EDD74004B9A11 /* intro-outro.mp4 */,
				50240B3A1DE43F0E00CB6681 /* LaunchScreen.storyboard */,
				50240B3D1DE43F0E00CB6681 /* Info.plist */,
				50B76C971E65C03800A86123 /* GoogleService-Info.plist */,
				50240B351DE43F0E00CB6681 /* nanou_ios.xcdatamodeld */,
			);
			path = "nanou-ios";
			sourceTree = "<group>";
		};
		504CCEA91DF805DB00CF0DFD /* Model */ = {
			isa = PBXGroup;
			children = (
				502936C91DF845200087A2D4 /* Preference.swift */,
				50BEDB4D1E37798900591F5D /* Video.swift */,
				501040791E40E5700043F62E /* WatchedVideo.swift */,
				50601B501E535FEB00000D4A /* HistoryVideo.swift */,
				504CCEAA1DF8064E00CF0DFD /* BaseModel.swift */,
				504CCEAC1DF8069D00CF0DFD /* BaseModelSpine.swift */,
			);
			name = Model;
			sourceTree = "<group>";
		};
		509D51BE1DE5C7580019BB63 /* ViewControllers */ = {
			isa = PBXGroup;
			children = (
				509D51BC1DE5999A0019BB63 /* LaunchViewController.swift */,
				5057F7971DE78527003A8850 /* LoginConfirmationViewController.swift */,
				504BC3351DF4532E00671614 /* UserProfileViewController.swift */,
				502936D11DF867280087A2D4 /* PreferencesViewController.swift */,
				50D503281E26A0C600C16D14 /* LoginProviderViewController.swift */,
				50CFFAA61E27B3A100EA0CFE /* InitialPreferenceViewController.swift */,
				50E9085B1E38E862005931C1 /* VideosViewController.swift */,
				50E90A1B1E3A37EC005931C1 /* RateVideoViewController.swift */,
				50601B4E1E535E1700000D4A /* HistoryViewController.swift */,
			);
			name = ViewControllers;
			sourceTree = "<group>";
		};
		509D51BF1DE5C76B0019BB63 /* Views */ = {
			isa = PBXGroup;
			children = (
				509D51C01DE5C7870019BB63 /* LoginCell.swift */,
				50F64E371E3B85E700419003 /* VideoCell.swift */,
				502936D51DF8C2F50087A2D4 /* PreferenceCell.swift */,
				50601B541E53947200000D4A /* HistoryCell.swift */,
				504CAFF11E1BCE7800EF5482 /* BubbleNode.swift */,
				504CAFF31E1BCEAE00EF5482 /* BubbleScene.swift */,
			);
			name = Views;
			sourceTree = "<group>";
		};
		509D51C21DE5CD840019BB63 /* Helper */ = {
			isa = PBXGroup;
			children = (
				509D51C31DE5CDA70019BB63 /* Routes.swift */,
				5057F7991DE78E82003A8850 /* Segues.swift */,
				504BC3331DF448F200671614 /* Json.swift */,
				50EA85971DF56FAC00DFFE09 /* Color.swift */,
				50EA859D1DF5794C00DFFE09 /* UserProfileHelper.swift */,
				50EA859F1DF5811500DFFE09 /* NetworkHelper.swift */,
				50EA85A11DF597B900DFFE09 /* Error.swift */,
				5000A16F1DF6B2980070636E /* NotificationHelper.swift */,
				504CCEAE1DF808CC00CF0DFD /* SpineHelper.swift */,
				504CCEB01DF80AA700CF0DFD /* SpineModelHelper.swift */,
				502936BB1DF838B60087A2D4 /* CoreDataHelper.swift */,
				502936CF1DF854340087A2D4 /* PreferenceHelper.swift */,
				50601B521E5364E900000D4A /* HistoryHelper.swift */,
				5084F7C61E43E7AB006AA1EA /* BaseModelHelper.swift */,
				50E9085D1E38F552005931C1 /* VideoHelper.swift */,
				50CFFAA41E27AD8A00EA0CFE /* LoginDelegate.swift */,
				50B270371E2FBF1F00F72502 /* SyncHelper.swift */,
				50F64E351E3B83CB00419003 /* PagedUICollectionViewLayout.swift */,
				501040771E40A5EF0043F62E /* RemoteImageView.swift */,
				50B76C951E65769300A86123 /* ImageViewPlaceholder.swift */,
				50B76C991E65C70000A86123 /* FirebaseHelper.swift */,
				506661FD1E6701B90060FF2F /* SurveyHelper.swift */,
				50D13BCF1E6EF438004B9A11 /* NanouPlayer.swift */,
			);
			name = Helper;
			sourceTree = "<group>";
		};
		50B270431E32189900F72502 /* Procedures */ = {
			isa = PBXGroup;
			children = (
				50B270441E3218C500F72502 /* SaveProcedure.swift */,
				5084F7C81E43E81C006AA1EA /* FetchProdecure.swift */,
				5084F7C41E421808006AA1EA /* SpineNetworkProcedure.swift */,
				5084F7CA1E447BA5006AA1EA /* CoreDataNetworkProcedure.swift */,
			);
			name = Procedures;
			sourceTree = "<group>";
		};
		5D2BBE55C3E40B653813DF31 /* Pods */ = {
			isa = PBXGroup;
			children = (
				1D78B86D79986E5EE78F052A /* Pods-nanou-ios.debug.xcconfig */,
				08A9B99B0EAA70F22CC17622 /* Pods-nanou-ios.release.xcconfig */,
			);
			name = Pods;
			sourceTree = "<group>";
		};
		7A452EDD003E3EE3BC23A73A /* Frameworks */ = {
			isa = PBXGroup;
			children = (
				FBEE94DB21BBCFA5A5869180 /* Pods_nanou_ios.framework */,
			);
			name = Frameworks;
			sourceTree = "<group>";
		};
/* End PBXGroup section */

/* Begin PBXNativeTarget section */
		50240B2A1DE43F0D00CB6681 /* nanou-ios */ = {
			isa = PBXNativeTarget;
			buildConfigurationList = 50240B401DE43F0E00CB6681 /* Build configuration list for PBXNativeTarget "nanou-ios" */;
			buildPhases = (
				509FF69407A3D4A708F8156B /* [CP] Check Pods Manifest.lock */,
				50240B271DE43F0D00CB6681 /* Sources */,
				50240B281DE43F0D00CB6681 /* Frameworks */,
				50240B291DE43F0D00CB6681 /* Resources */,
				E71C0A5318BBEA8B7C098618 /* Tailor */,
				3171A68D9032296B18440E75 /* [CP] Embed Pods Frameworks */,
				7B17CA88AB0B0F6C82672036 /* [CP] Copy Pods Resources */,
				5051A4E61E0AD23700F9C78E /* ShellScript */,
			);
			buildRules = (
			);
			dependencies = (
			);
			name = "nanou-ios";
			productName = "nanou-ios";
			productReference = 50240B2B1DE43F0E00CB6681 /* nanou-ios.app */;
			productType = "com.apple.product-type.application";
		};
/* End PBXNativeTarget section */

/* Begin PBXProject section */
		50240B231DE43F0D00CB6681 /* Project object */ = {
			isa = PBXProject;
			attributes = {
				LastSwiftUpdateCheck = 0810;
				LastUpgradeCheck = 0810;
				ORGANIZATIONNAME = "Max Bothe";
				TargetAttributes = {
					50240B2A1DE43F0D00CB6681 = {
						CreatedOnToolsVersion = 8.1;
						DevelopmentTeam = WP53SSE8S6;
						LastSwiftMigration = 0810;
						ProvisioningStyle = Automatic;
					};
				};
			};
			buildConfigurationList = 50240B261DE43F0D00CB6681 /* Build configuration list for PBXProject "nanou-ios" */;
			compatibilityVersion = "Xcode 3.2";
			developmentRegion = English;
			hasScannedForEncodings = 0;
			knownRegions = (
				en,
				Base,
			);
			mainGroup = 50240B221DE43F0D00CB6681;
			productRefGroup = 50240B2C1DE43F0E00CB6681 /* Products */;
			projectDirPath = "";
			projectRoot = "";
			targets = (
				50240B2A1DE43F0D00CB6681 /* nanou-ios */,
			);
		};
/* End PBXProject section */

/* Begin PBXResourcesBuildPhase section */
		50240B291DE43F0D00CB6681 /* Resources */ = {
			isa = PBXResourcesBuildPhase;
			buildActionMask = 2147483647;
			files = (
				50D13BCE1E6EDD74004B9A11 /* intro-outro.mp4 in Resources */,
				50D503271E254C4600C16D14 /* Login.storyboard in Resources */,
				50240B3C1DE43F0E00CB6681 /* LaunchScreen.storyboard in Resources */,
				50B76C981E65C03800A86123 /* GoogleService-Info.plist in Resources */,
				50240B391DE43F0E00CB6681 /* Assets.xcassets in Resources */,
				50240B341DE43F0E00CB6681 /* Main.storyboard in Resources */,
			);
			runOnlyForDeploymentPostprocessing = 0;
		};
/* End PBXResourcesBuildPhase section */

/* Begin PBXShellScriptBuildPhase section */
		3171A68D9032296B18440E75 /* [CP] Embed Pods Frameworks */ = {
			isa = PBXShellScriptBuildPhase;
			buildActionMask = 2147483647;
			files = (
			);
			inputPaths = (
			);
			name = "[CP] Embed Pods Frameworks";
			outputPaths = (
			);
			runOnlyForDeploymentPostprocessing = 0;
			shellPath = /bin/sh;
			shellScript = "\"${SRCROOT}/Pods/Target Support Files/Pods-nanou-ios/Pods-nanou-ios-frameworks.sh\"\n";
			showEnvVarsInLog = 0;
		};
		5051A4E61E0AD23700F9C78E /* ShellScript */ = {
			isa = PBXShellScriptBuildPhase;
			buildActionMask = 2147483647;
			files = (
			);
			inputPaths = (
			);
			outputPaths = (
			);
			runOnlyForDeploymentPostprocessing = 0;
			shellPath = /bin/sh;
			shellScript = "#Disables ATS in debug builds.\nINFOPLIST=\"${TARGET_BUILD_DIR}\"/\"${INFOPLIST_PATH}\"\ncase \"${CONFIGURATION}\" in\n\"Release\"|\"Adhoc\")\n/usr/libexec/PlistBuddy -c \"Set :NSAppTransportSecurity:NSAllowsArbitraryLoads NO\" \"${INFOPLIST}\"\n;;\n\"Debug\")\n/usr/libexec/PlistBuddy -c \"Set :NSAppTransportSecurity:NSAllowsArbitraryLoads YES\" \"${INFOPLIST}\"\n;;\nesac";
		};
		509FF69407A3D4A708F8156B /* [CP] Check Pods Manifest.lock */ = {
			isa = PBXShellScriptBuildPhase;
			buildActionMask = 2147483647;
			files = (
			);
			inputPaths = (
			);
			name = "[CP] Check Pods Manifest.lock";
			outputPaths = (
			);
			runOnlyForDeploymentPostprocessing = 0;
			shellPath = /bin/sh;
			shellScript = "diff \"${PODS_ROOT}/../Podfile.lock\" \"${PODS_ROOT}/Manifest.lock\" > /dev/null\nif [ $? != 0 ] ; then\n    # print error to STDERR\n    echo \"error: The sandbox is not in sync with the Podfile.lock. Run 'pod install' or update your CocoaPods installation.\" >&2\n    exit 1\nfi\n";
			showEnvVarsInLog = 0;
		};
		7B17CA88AB0B0F6C82672036 /* [CP] Copy Pods Resources */ = {
			isa = PBXShellScriptBuildPhase;
			buildActionMask = 2147483647;
			files = (
			);
			inputPaths = (
			);
			name = "[CP] Copy Pods Resources";
			outputPaths = (
			);
			runOnlyForDeploymentPostprocessing = 0;
			shellPath = /bin/sh;
			shellScript = "\"${SRCROOT}/Pods/Target Support Files/Pods-nanou-ios/Pods-nanou-ios-resources.sh\"\n";
			showEnvVarsInLog = 0;
		};
		E71C0A5318BBEA8B7C098618 /* Tailor */ = {
			isa = PBXShellScriptBuildPhase;
			buildActionMask = 2147483647;
			files = (
			);
			inputPaths = (
			);
			name = Tailor;
			outputPaths = (
			);
			runOnlyForDeploymentPostprocessing = 0;
			shellPath = /bin/sh;
			shellScript = "if hash tailor 2>/dev/null; then\n  tailor\nelse\n  echo \"warning: Please install Tailor from https://tailor.sh\"\nfi";
		};
/* End PBXShellScriptBuildPhase section */

/* Begin PBXSourcesBuildPhase section */
		50240B271DE43F0D00CB6681 /* Sources */ = {
			isa = PBXSourcesBuildPhase;
			buildActionMask = 2147483647;
			files = (
				502936CA1DF845200087A2D4 /* Preference.swift in Sources */,
				509D51BD1DE5999A0019BB63 /* LaunchViewController.swift in Sources */,
				50F64E361E3B83CB00419003 /* PagedUICollectionViewLayout.swift in Sources */,
				50EA859E1DF5794C00DFFE09 /* UserProfileHelper.swift in Sources */,
				5084F7C91E43E81C006AA1EA /* FetchProdecure.swift in Sources */,
				5057F7981DE78527003A8850 /* LoginConfirmationViewController.swift in Sources */,
				504CAFF41E1BCEAF00EF5482 /* BubbleScene.swift in Sources */,
				50EA85A21DF597B900DFFE09 /* Error.swift in Sources */,
				50E90A1C1E3A37ED005931C1 /* RateVideoViewController.swift in Sources */,
				50240B371DE43F0E00CB6681 /* nanou_ios.xcdatamodeld in Sources */,
				504CCEB11DF80AA700CF0DFD /* SpineModelHelper.swift in Sources */,
				50EA85A01DF5811500DFFE09 /* NetworkHelper.swift in Sources */,
				5000A1701DF6B2980070636E /* NotificationHelper.swift in Sources */,
				5084F7C71E43E7AB006AA1EA /* BaseModelHelper.swift in Sources */,
				504CCEAF1DF808CC00CF0DFD /* SpineHelper.swift in Sources */,
				50D13BD01E6EF438004B9A11 /* NanouPlayer.swift in Sources */,
				50B76C961E65769300A86123 /* ImageViewPlaceholder.swift in Sources */,
				50B76C9A1E65C70000A86123 /* FirebaseHelper.swift in Sources */,
				502936D21DF867280087A2D4 /* PreferencesViewController.swift in Sources */,
				502936BC1DF838B60087A2D4 /* CoreDataHelper.swift in Sources */,
				5084F7CB1E447BA5006AA1EA /* CoreDataNetworkProcedure.swift in Sources */,
				50EA85981DF56FAC00DFFE09 /* Color.swift in Sources */,
				502936D01DF854340087A2D4 /* PreferenceHelper.swift in Sources */,
				5057F79A1DE78E82003A8850 /* Segues.swift in Sources */,
				50601B4F1E535E1700000D4A /* HistoryViewController.swift in Sources */,
				501040781E40A5EF0043F62E /* RemoteImageView.swift in Sources */,
				50601B531E5364E900000D4A /* HistoryHelper.swift in Sources */,
				50BEDB4E1E37798900591F5D /* Video.swift in Sources */,
				50CFFAA71E27B3A100EA0CFE /* InitialPreferenceViewController.swift in Sources */,
				50E9085E1E38F552005931C1 /* VideoHelper.swift in Sources */,
				5084F7C51E421808006AA1EA /* SpineNetworkProcedure.swift in Sources */,
				504CCEAB1DF8064E00CF0DFD /* BaseModel.swift in Sources */,
				50CFFAA51E27AD8A00EA0CFE /* LoginDelegate.swift in Sources */,
				5010407A1E40E5700043F62E /* WatchedVideo.swift in Sources */,
				50D503291E26A0C600C16D14 /* LoginProviderViewController.swift in Sources */,
				504CAFF21E1BCE7800EF5482 /* BubbleNode.swift in Sources */,
				504CCEAD1DF8069D00CF0DFD /* BaseModelSpine.swift in Sources */,
				509D51C41DE5CDA70019BB63 /* Routes.swift in Sources */,
				509D51C11DE5C7870019BB63 /* LoginCell.swift in Sources */,
				50240B2F1DE43F0E00CB6681 /* AppDelegate.swift in Sources */,
				50F64E381E3B85E700419003 /* VideoCell.swift in Sources */,
				50601B551E53947200000D4A /* HistoryCell.swift in Sources */,
				50B270381E2FBF1F00F72502 /* SyncHelper.swift in Sources */,
				50601B511E535FEB00000D4A /* HistoryVideo.swift in Sources */,
				50B270451E3218C500F72502 /* SaveProcedure.swift in Sources */,
				504BC3361DF4532E00671614 /* UserProfileViewController.swift in Sources */,
				502936D61DF8C2F50087A2D4 /* PreferenceCell.swift in Sources */,
				506661FE1E6701B90060FF2F /* SurveyHelper.swift in Sources */,
				50E9085C1E38E863005931C1 /* VideosViewController.swift in Sources */,
				504BC3341DF448F200671614 /* Json.swift in Sources */,
			);
			runOnlyForDeploymentPostprocessing = 0;
		};
/* End PBXSourcesBuildPhase section */

/* Begin PBXVariantGroup section */
		50240B321DE43F0E00CB6681 /* Main.storyboard */ = {
			isa = PBXVariantGroup;
			children = (
				50240B331DE43F0E00CB6681 /* Base */,
			);
			name = Main.storyboard;
			sourceTree = "<group>";
		};
		50240B3A1DE43F0E00CB6681 /* LaunchScreen.storyboard */ = {
			isa = PBXVariantGroup;
			children = (
				50240B3B1DE43F0E00CB6681 /* Base */,
			);
			name = LaunchScreen.storyboard;
			sourceTree = "<group>";
		};
		50D503251E254C4600C16D14 /* Login.storyboard */ = {
			isa = PBXVariantGroup;
			children = (
				50D503261E254C4600C16D14 /* Base */,
			);
			name = Login.storyboard;
			sourceTree = "<group>";
		};
/* End PBXVariantGroup section */

/* Begin XCBuildConfiguration section */
		50240B3E1DE43F0E00CB6681 /* Debug */ = {
			isa = XCBuildConfiguration;
			buildSettings = {
				ALWAYS_SEARCH_USER_PATHS = NO;
				CLANG_ANALYZER_NONNULL = YES;
				CLANG_CXX_LANGUAGE_STANDARD = "gnu++0x";
				CLANG_CXX_LIBRARY = "libc++";
				CLANG_ENABLE_MODULES = YES;
				CLANG_ENABLE_OBJC_ARC = YES;
				CLANG_WARN_BOOL_CONVERSION = YES;
				CLANG_WARN_CONSTANT_CONVERSION = YES;
				CLANG_WARN_DIRECT_OBJC_ISA_USAGE = YES_ERROR;
				CLANG_WARN_DOCUMENTATION_COMMENTS = YES;
				CLANG_WARN_EMPTY_BODY = YES;
				CLANG_WARN_ENUM_CONVERSION = YES;
				CLANG_WARN_INFINITE_RECURSION = YES;
				CLANG_WARN_INT_CONVERSION = YES;
				CLANG_WARN_OBJC_ROOT_CLASS = YES_ERROR;
				CLANG_WARN_SUSPICIOUS_MOVE = YES;
				CLANG_WARN_SUSPICIOUS_MOVES = YES;
				CLANG_WARN_UNREACHABLE_CODE = YES;
				CLANG_WARN__DUPLICATE_METHOD_MATCH = YES;
				CODE_SIGN_IDENTITY = "";
				"CODE_SIGN_IDENTITY[sdk=*]" = "iPhone Developer";
				COPY_PHASE_STRIP = NO;
				DEBUG_INFORMATION_FORMAT = dwarf;
				ENABLE_STRICT_OBJC_MSGSEND = YES;
				ENABLE_TESTABILITY = YES;
				GCC_C_LANGUAGE_STANDARD = gnu99;
				GCC_DYNAMIC_NO_PIC = NO;
				GCC_NO_COMMON_BLOCKS = YES;
				GCC_OPTIMIZATION_LEVEL = 0;
				GCC_PREPROCESSOR_DEFINITIONS = (
					"DEBUG=1",
					"$(inherited)",
				);
				GCC_WARN_64_TO_32_BIT_CONVERSION = YES;
				GCC_WARN_ABOUT_RETURN_TYPE = YES_ERROR;
				GCC_WARN_UNDECLARED_SELECTOR = YES;
				GCC_WARN_UNINITIALIZED_AUTOS = YES_AGGRESSIVE;
				GCC_WARN_UNUSED_FUNCTION = YES;
				GCC_WARN_UNUSED_VARIABLE = YES;
				IPHONEOS_DEPLOYMENT_TARGET = 10.1;
				MTL_ENABLE_DEBUG_INFO = YES;
				ONLY_ACTIVE_ARCH = YES;
				"OTHER_SWIFT_FLAGS[arch=*]" = "-DDEBUG";
				PROVISIONING_PROFILE_SPECIFIER = "";
				SDKROOT = iphoneos;
				SWIFT_ACTIVE_COMPILATION_CONDITIONS = DEBUG;
				SWIFT_OPTIMIZATION_LEVEL = "-Onone";
				TARGETED_DEVICE_FAMILY = "1,2";
			};
			name = Debug;
		};
		50240B3F1DE43F0E00CB6681 /* Release */ = {
			isa = XCBuildConfiguration;
			buildSettings = {
				ALWAYS_SEARCH_USER_PATHS = NO;
				CLANG_ANALYZER_NONNULL = YES;
				CLANG_CXX_LANGUAGE_STANDARD = "gnu++0x";
				CLANG_CXX_LIBRARY = "libc++";
				CLANG_ENABLE_MODULES = YES;
				CLANG_ENABLE_OBJC_ARC = YES;
				CLANG_WARN_BOOL_CONVERSION = YES;
				CLANG_WARN_CONSTANT_CONVERSION = YES;
				CLANG_WARN_DIRECT_OBJC_ISA_USAGE = YES_ERROR;
				CLANG_WARN_DOCUMENTATION_COMMENTS = YES;
				CLANG_WARN_EMPTY_BODY = YES;
				CLANG_WARN_ENUM_CONVERSION = YES;
				CLANG_WARN_INFINITE_RECURSION = YES;
				CLANG_WARN_INT_CONVERSION = YES;
				CLANG_WARN_OBJC_ROOT_CLASS = YES_ERROR;
				CLANG_WARN_SUSPICIOUS_MOVE = YES;
				CLANG_WARN_SUSPICIOUS_MOVES = YES;
				CLANG_WARN_UNREACHABLE_CODE = YES;
				CLANG_WARN__DUPLICATE_METHOD_MATCH = YES;
				CODE_SIGN_IDENTITY = "";
				"CODE_SIGN_IDENTITY[sdk=*]" = "iPhone Developer";
				COPY_PHASE_STRIP = NO;
				DEBUG_INFORMATION_FORMAT = "dwarf-with-dsym";
				ENABLE_NS_ASSERTIONS = NO;
				ENABLE_STRICT_OBJC_MSGSEND = YES;
				GCC_C_LANGUAGE_STANDARD = gnu99;
				GCC_NO_COMMON_BLOCKS = YES;
				GCC_WARN_64_TO_32_BIT_CONVERSION = YES;
				GCC_WARN_ABOUT_RETURN_TYPE = YES_ERROR;
				GCC_WARN_UNDECLARED_SELECTOR = YES;
				GCC_WARN_UNINITIALIZED_AUTOS = YES_AGGRESSIVE;
				GCC_WARN_UNUSED_FUNCTION = YES;
				GCC_WARN_UNUSED_VARIABLE = YES;
				IPHONEOS_DEPLOYMENT_TARGET = 10.1;
				MTL_ENABLE_DEBUG_INFO = NO;
				PROVISIONING_PROFILE_SPECIFIER = "";
				SDKROOT = iphoneos;
				SWIFT_OPTIMIZATION_LEVEL = "-Owholemodule";
				TARGETED_DEVICE_FAMILY = "1,2";
				VALIDATE_PRODUCT = YES;
			};
			name = Release;
		};
		50240B411DE43F0E00CB6681 /* Debug */ = {
			isa = XCBuildConfiguration;
			baseConfigurationReference = 1D78B86D79986E5EE78F052A /* Pods-nanou-ios.debug.xcconfig */;
			buildSettings = {
				ALWAYS_EMBED_SWIFT_STANDARD_LIBRARIES = "$(inherited)";
				ASSETCATALOG_COMPILER_APPICON_NAME = AppIcon;
				"CODE_SIGN_IDENTITY[sdk=iphoneos*]" = "iPhone Developer";
				CURRENT_PROJECT_VERSION = 2;
				DEVELOPMENT_TEAM = WP53SSE8S6;
				DYLIB_CURRENT_VERSION = 2;
				INFOPLIST_FILE = "nanou-ios/Info.plist";
				LD_RUNPATH_SEARCH_PATHS = "$(inherited) @executable_path/Frameworks";
				PRODUCT_BUNDLE_IDENTIFIER = de.apptanic.nanou;
				PRODUCT_NAME = "$(TARGET_NAME)";
				SWIFT_VERSION = 3.0;
				VERSIONING_SYSTEM = "apple-generic";
			};
			name = Debug;
		};
		50240B421DE43F0E00CB6681 /* Release */ = {
			isa = XCBuildConfiguration;
			baseConfigurationReference = 08A9B99B0EAA70F22CC17622 /* Pods-nanou-ios.release.xcconfig */;
			buildSettings = {
				ALWAYS_EMBED_SWIFT_STANDARD_LIBRARIES = "$(inherited)";
				ASSETCATALOG_COMPILER_APPICON_NAME = AppIcon;
				CODE_SIGN_IDENTITY = "iPhone Developer";
				"CODE_SIGN_IDENTITY[sdk=iphoneos*]" = "iPhone Developer";
				CURRENT_PROJECT_VERSION = 2;
				DEVELOPMENT_TEAM = WP53SSE8S6;
				DYLIB_CURRENT_VERSION = 2;
				INFOPLIST_FILE = "nanou-ios/Info.plist";
				LD_RUNPATH_SEARCH_PATHS = "$(inherited) @executable_path/Frameworks";
				PRODUCT_BUNDLE_IDENTIFIER = de.apptanic.nanou;
				PRODUCT_NAME = "$(TARGET_NAME)";
				SWIFT_VERSION = 3.0;
				VERSIONING_SYSTEM = "apple-generic";
			};
			name = Release;
		};
/* End XCBuildConfiguration section */

/* Begin XCConfigurationList section */
		50240B261DE43F0D00CB6681 /* Build configuration list for PBXProject "nanou-ios" */ = {
			isa = XCConfigurationList;
			buildConfigurations = (
				50240B3E1DE43F0E00CB6681 /* Debug */,
				50240B3F1DE43F0E00CB6681 /* Release */,
			);
			defaultConfigurationIsVisible = 0;
			defaultConfigurationName = Release;
		};
		50240B401DE43F0E00CB6681 /* Build configuration list for PBXNativeTarget "nanou-ios" */ = {
			isa = XCConfigurationList;
			buildConfigurations = (
				50240B411DE43F0E00CB6681 /* Debug */,
				50240B421DE43F0E00CB6681 /* Release */,
			);
			defaultConfigurationIsVisible = 0;
			defaultConfigurationName = Release;
		};
/* End XCConfigurationList section */

/* Begin XCVersionGroup section */
		50240B351DE43F0E00CB6681 /* nanou_ios.xcdatamodeld */ = {
			isa = XCVersionGroup;
			children = (
				50240B361DE43F0E00CB6681 /* nanou_ios.xcdatamodel */,
			);
			currentVersion = 50240B361DE43F0E00CB6681 /* nanou_ios.xcdatamodel */;
			path = nanou_ios.xcdatamodeld;
			sourceTree = "<group>";
			versionGroupType = wrapper.xcdatamodel;
		};
/* End XCVersionGroup section */
	};
	rootObject = 50240B231DE43F0D00CB6681 /* Project object */;
}
