// !$*UTF8*$!
{
	archiveVersion = 1;
	classes = {
	};
	objectVersion = 46;
	objects = {

/* Begin PBXBuildFile section */
		50240B2F1DE43F0E00CB6681 /* AppDelegate.swift in Sources */ = {isa = PBXBuildFile; fileRef = 50240B2E1DE43F0E00CB6681 /* AppDelegate.swift */; };
		50240B311DE43F0E00CB6681 /* ViewController.swift in Sources */ = {isa = PBXBuildFile; fileRef = 50240B301DE43F0E00CB6681 /* ViewController.swift */; };
		50240B341DE43F0E00CB6681 /* Main.storyboard in Resources */ = {isa = PBXBuildFile; fileRef = 50240B321DE43F0E00CB6681 /* Main.storyboard */; };
		50240B371DE43F0E00CB6681 /* nanou_ios.xcdatamodeld in Sources */ = {isa = PBXBuildFile; fileRef = 50240B351DE43F0E00CB6681 /* nanou_ios.xcdatamodeld */; };
		50240B391DE43F0E00CB6681 /* Assets.xcassets in Resources */ = {isa = PBXBuildFile; fileRef = 50240B381DE43F0E00CB6681 /* Assets.xcassets */; };
		50240B3C1DE43F0E00CB6681 /* LaunchScreen.storyboard in Resources */ = {isa = PBXBuildFile; fileRef = 50240B3A1DE43F0E00CB6681 /* LaunchScreen.storyboard */; };
/* End PBXBuildFile section */

/* Begin PBXFileReference section */
		50240B2B1DE43F0E00CB6681 /* nanou-ios.app */ = {isa = PBXFileReference; explicitFileType = wrapper.application; includeInIndex = 0; path = "nanou-ios.app"; sourceTree = BUILT_PRODUCTS_DIR; };
		50240B2E1DE43F0E00CB6681 /* AppDelegate.swift */ = {isa = PBXFileReference; lastKnownFileType = sourcecode.swift; path = AppDelegate.swift; sourceTree = "<group>"; };
		50240B301DE43F0E00CB6681 /* ViewController.swift */ = {isa = PBXFileReference; lastKnownFileType = sourcecode.swift; path = ViewController.swift; sourceTree = "<group>"; };
		50240B331DE43F0E00CB6681 /* Base */ = {isa = PBXFileReference; lastKnownFileType = file.storyboard; name = Base; path = Base.lproj/Main.storyboard; sourceTree = "<group>"; };
		50240B361DE43F0E00CB6681 /* nanou_ios.xcdatamodel */ = {isa = PBXFileReference; lastKnownFileType = wrapper.xcdatamodel; path = nanou_ios.xcdatamodel; sourceTree = "<group>"; };
		50240B381DE43F0E00CB6681 /* Assets.xcassets */ = {isa = PBXFileReference; lastKnownFileType = folder.assetcatalog; path = Assets.xcassets; sourceTree = "<group>"; };
		50240B3B1DE43F0E00CB6681 /* Base */ = {isa = PBXFileReference; lastKnownFileType = file.storyboard; name = Base; path = Base.lproj/LaunchScreen.storyboard; sourceTree = "<group>"; };
		50240B3D1DE43F0E00CB6681 /* Info.plist */ = {isa = PBXFileReference; lastKnownFileType = text.plist.xml; path = Info.plist; sourceTree = "<group>"; };
/* End PBXFileReference section */

/* Begin PBXFrameworksBuildPhase section */
		50240B281DE43F0D00CB6681 /* Frameworks */ = {
			isa = PBXFrameworksBuildPhase;
			buildActionMask = 2147483647;
			files = (
			);
			runOnlyForDeploymentPostprocessing = 0;
		};
/* End PBXFrameworksBuildPhase section */

/* Begin PBXGroup section */
		50240B221DE43F0D00CB6681 = {
			isa = PBXGroup;
			children = (
				50240B2D1DE43F0E00CB6681 /* nanou-ios */,
				50240B2C1DE43F0E00CB6681 /* Products */,
			);
			sourceTree = "<group>";
		};
		50240B2C1DE43F0E00CB6681 /* Products */ = {
			isa = PBXGroup;
			children = (
				50240B2B1DE43F0E00CB6681 /* nanou-ios.app */,
			);
			name = Products;
			sourceTree = "<group>";
		};
		50240B2D1DE43F0E00CB6681 /* nanou-ios */ = {
			isa = PBXGroup;
			children = (
				50240B2E1DE43F0E00CB6681 /* AppDelegate.swift */,
				50240B301DE43F0E00CB6681 /* ViewController.swift */,
				50240B321DE43F0E00CB6681 /* Main.storyboard */,
				50240B381DE43F0E00CB6681 /* Assets.xcassets */,
				50240B3A1DE43F0E00CB6681 /* LaunchScreen.storyboard */,
				50240B3D1DE43F0E00CB6681 /* Info.plist */,
				50240B351DE43F0E00CB6681 /* nanou_ios.xcdatamodeld */,
			);
			path = "nanou-ios";
			sourceTree = "<group>";
		};
/* End PBXGroup section */

/* Begin PBXNativeTarget section */
		50240B2A1DE43F0D00CB6681 /* nanou-ios */ = {
			isa = PBXNativeTarget;
			buildConfigurationList = 50240B401DE43F0E00CB6681 /* Build configuration list for PBXNativeTarget "nanou-ios" */;
			buildPhases = (
				50240B271DE43F0D00CB6681 /* Sources */,
				50240B281DE43F0D00CB6681 /* Frameworks */,
				50240B291DE43F0D00CB6681 /* Resources */,
			);
			buildRules = (
			);
			dependencies = (
			);
			name = "nanou-ios";
			productName = "nanou-ios";
			productReference = 50240B2B1DE43F0E00CB6681 /* nanou-ios.app */;
			productType = "com.apple.product-type.application";
		};
/* End PBXNativeTarget section */

/* Begin PBXProject section */
		50240B231DE43F0D00CB6681 /* Project object */ = {
			isa = PBXProject;
			attributes = {
				LastSwiftUpdateCheck = 0810;
				LastUpgradeCheck = 0810;
				ORGANIZATIONNAME = "Max Bothe";
				TargetAttributes = {
					50240B2A1DE43F0D00CB6681 = {
						CreatedOnToolsVersion = 8.1;
						DevelopmentTeam = 3YVY2RHHVQ;
						ProvisioningStyle = Automatic;
					};
				};
			};
			buildConfigurationList = 50240B261DE43F0D00CB6681 /* Build configuration list for PBXProject "nanou-ios" */;
			compatibilityVersion = "Xcode 3.2";
			developmentRegion = English;
			hasScannedForEncodings = 0;
			knownRegions = (
				en,
				Base,
			);
			mainGroup = 50240B221DE43F0D00CB6681;
			productRefGroup = 50240B2C1DE43F0E00CB6681 /* Products */;
			projectDirPath = "";
			projectRoot = "";
			targets = (
				50240B2A1DE43F0D00CB6681 /* nanou-ios */,
			);
		};
/* End PBXProject section */

/* Begin PBXResourcesBuildPhase section */
		50240B291DE43F0D00CB6681 /* Resources */ = {
			isa = PBXResourcesBuildPhase;
			buildActionMask = 2147483647;
			files = (
				50240B3C1DE43F0E00CB6681 /* LaunchScreen.storyboard in Resources */,
				50240B391DE43F0E00CB6681 /* Assets.xcassets in Resources */,
				50240B341DE43F0E00CB6681 /* Main.storyboard in Resources */,
			);
			runOnlyForDeploymentPostprocessing = 0;
		};
/* End PBXResourcesBuildPhase section */

/* Begin PBXSourcesBuildPhase section */
		50240B271DE43F0D00CB6681 /* Sources */ = {
			isa = PBXSourcesBuildPhase;
			buildActionMask = 2147483647;
			files = (
				50240B371DE43F0E00CB6681 /* nanou_ios.xcdatamodeld in Sources */,
				50240B311DE43F0E00CB6681 /* ViewController.swift in Sources */,
				50240B2F1DE43F0E00CB6681 /* AppDelegate.swift in Sources */,
			);
			runOnlyForDeploymentPostprocessing = 0;
		};
/* End PBXSourcesBuildPhase section */

/* Begin PBXVariantGroup section */
		50240B321DE43F0E00CB6681 /* Main.storyboard */ = {
			isa = PBXVariantGroup;
			children = (
				50240B331DE43F0E00CB6681 /* Base */,
			);
			name = Main.storyboard;
			sourceTree = "<group>";
		};
		50240B3A1DE43F0E00CB6681 /* LaunchScreen.storyboard */ = {
			isa = PBXVariantGroup;
			children = (
				50240B3B1DE43F0E00CB6681 /* Base */,
			);
			name = LaunchScreen.storyboard;
			sourceTree = "<group>";
		};
/* End PBXVariantGroup section */

/* Begin XCBuildConfiguration section */
		50240B3E1DE43F0E00CB6681 /* Debug */ = {
			isa = XCBuildConfiguration;
			buildSettings = {
				ALWAYS_SEARCH_USER_PATHS = NO;
				CLANG_ANALYZER_NONNULL = YES;
				CLANG_CXX_LANGUAGE_STANDARD = "gnu++0x";
				CLANG_CXX_LIBRARY = "libc++";
				CLANG_ENABLE_MODULES = YES;
				CLANG_ENABLE_OBJC_ARC = YES;
				CLANG_WARN_BOOL_CONVERSION = YES;
				CLANG_WARN_CONSTANT_CONVERSION = YES;
				CLANG_WARN_DIRECT_OBJC_ISA_USAGE = YES_ERROR;
				CLANG_WARN_DOCUMENTATION_COMMENTS = YES;
				CLANG_WARN_EMPTY_BODY = YES;
				CLANG_WARN_ENUM_CONVERSION = YES;
				CLANG_WARN_INFINITE_RECURSION = YES;
				CLANG_WARN_INT_CONVERSION = YES;
				CLANG_WARN_OBJC_ROOT_CLASS = YES_ERROR;
				CLANG_WARN_SUSPICIOUS_MOVES = YES;
				CLANG_WARN_UNREACHABLE_CODE = YES;
				CLANG_WARN__DUPLICATE_METHOD_MATCH = YES;
				"CODE_SIGN_IDENTITY[sdk=iphoneos*]" = "iPhone Developer";
				COPY_PHASE_STRIP = NO;
				DEBUG_INFORMATION_FORMAT = dwarf;
				ENABLE_STRICT_OBJC_MSGSEND = YES;
				ENABLE_TESTABILITY = YES;
				GCC_C_LANGUAGE_STANDARD = gnu99;
				GCC_DYNAMIC_NO_PIC = NO;
				GCC_NO_COMMON_BLOCKS = YES;
				GCC_OPTIMIZATION_LEVEL = 0;
				GCC_PREPROCESSOR_DEFINITIONS = (
					"DEBUG=1",
					"$(inherited)",
				);
				GCC_WARN_64_TO_32_BIT_CONVERSION = YES;
				GCC_WARN_ABOUT_RETURN_TYPE = YES_ERROR;
				GCC_WARN_UNDECLARED_SELECTOR = YES;
				GCC_WARN_UNINITIALIZED_AUTOS = YES_AGGRESSIVE;
				GCC_WARN_UNUSED_FUNCTION = YES;
				GCC_WARN_UNUSED_VARIABLE = YES;
				IPHONEOS_DEPLOYMENT_TARGET = 10.1;
				MTL_ENABLE_DEBUG_INFO = YES;
				ONLY_ACTIVE_ARCH = YES;
				SDKROOT = iphoneos;
				SWIFT_ACTIVE_COMPILATION_CONDITIONS = DEBUG;
				SWIFT_OPTIMIZATION_LEVEL = "-Onone";
				TARGETED_DEVICE_FAMILY = "1,2";
			};
			name = Debug;
		};
		50240B3F1DE43F0E00CB6681 /* Release */ = {
			isa = XCBuildConfiguration;
			buildSettings = {
				ALWAYS_SEARCH_USER_PATHS = NO;
				CLANG_ANALYZER_NONNULL = YES;
				CLANG_CXX_LANGUAGE_STANDARD = "gnu++0x";
				CLANG_CXX_LIBRARY = "libc++";
				CLANG_ENABLE_MODULES = YES;
				CLANG_ENABLE_OBJC_ARC = YES;
				CLANG_WARN_BOOL_CONVERSION = YES;
				CLANG_WARN_CONSTANT_CONVERSION = YES;
				CLANG_WARN_DIRECT_OBJC_ISA_USAGE = YES_ERROR;
				CLANG_WARN_DOCUMENTATION_COMMENTS = YES;
				CLANG_WARN_EMPTY_BODY = YES;
				CLANG_WARN_ENUM_CONVERSION = YES;
				CLANG_WARN_INFINITE_RECURSION = YES;
				CLANG_WARN_INT_CONVERSION = YES;
				CLANG_WARN_OBJC_ROOT_CLASS = YES_ERROR;
				CLANG_WARN_SUSPICIOUS_MOVES = YES;
				CLANG_WARN_UNREACHABLE_CODE = YES;
				CLANG_WARN__DUPLICATE_METHOD_MATCH = YES;
				"CODE_SIGN_IDENTITY[sdk=iphoneos*]" = "iPhone Developer";
				COPY_PHASE_STRIP = NO;
				DEBUG_INFORMATION_FORMAT = "dwarf-with-dsym";
				ENABLE_NS_ASSERTIONS = NO;
				ENABLE_STRICT_OBJC_MSGSEND = YES;
				GCC_C_LANGUAGE_STANDARD = gnu99;
				GCC_NO_COMMON_BLOCKS = YES;
				GCC_WARN_64_TO_32_BIT_CONVERSION = YES;
				GCC_WARN_ABOUT_RETURN_TYPE = YES_ERROR;
				GCC_WARN_UNDECLARED_SELECTOR = YES;
				GCC_WARN_UNINITIALIZED_AUTOS = YES_AGGRESSIVE;
				GCC_WARN_UNUSED_FUNCTION = YES;
				GCC_WARN_UNUSED_VARIABLE = YES;
				IPHONEOS_DEPLOYMENT_TARGET = 10.1;
				MTL_ENABLE_DEBUG_INFO = NO;
				SDKROOT = iphoneos;
				SWIFT_OPTIMIZATION_LEVEL = "-Owholemodule";
				TARGETED_DEVICE_FAMILY = "1,2";
				VALIDATE_PRODUCT = YES;
			};
			name = Release;
		};
		50240B411DE43F0E00CB6681 /* Debug */ = {
			isa = XCBuildConfiguration;
			buildSettings = {
				ASSETCATALOG_COMPILER_APPICON_NAME = AppIcon;
				DEVELOPMENT_TEAM = 3YVY2RHHVQ;
				INFOPLIST_FILE = "nanou-ios/Info.plist";
				LD_RUNPATH_SEARCH_PATHS = "$(inherited) @executable_path/Frameworks";
				PRODUCT_BUNDLE_IDENTIFIER = "de.maxbothe.nanou-ios";
				PRODUCT_NAME = "$(TARGET_NAME)";
				SWIFT_VERSION = 3.0;
			};
			name = Debug;
		};
		50240B421DE43F0E00CB6681 /* Release */ = {
			isa = XCBuildConfiguration;
			buildSettings = {
				ASSETCATALOG_COMPILER_APPICON_NAME = AppIcon;
				DEVELOPMENT_TEAM = 3YVY2RHHVQ;
				INFOPLIST_FILE = "nanou-ios/Info.plist";
				LD_RUNPATH_SEARCH_PATHS = "$(inherited) @executable_path/Frameworks";
				PRODUCT_BUNDLE_IDENTIFIER = "de.maxbothe.nanou-ios";
				PRODUCT_NAME = "$(TARGET_NAME)";
				SWIFT_VERSION = 3.0;
			};
			name = Release;
		};
/* End XCBuildConfiguration section */

/* Begin XCConfigurationList section */
		50240B261DE43F0D00CB6681 /* Build configuration list for PBXProject "nanou-ios" */ = {
			isa = XCConfigurationList;
			buildConfigurations = (
				50240B3E1DE43F0E00CB6681 /* Debug */,
				50240B3F1DE43F0E00CB6681 /* Release */,
			);
			defaultConfigurationIsVisible = 0;
			defaultConfigurationName = Release;
		};
		50240B401DE43F0E00CB6681 /* Build configuration list for PBXNativeTarget "nanou-ios" */ = {
			isa = XCConfigurationList;
			buildConfigurations = (
				50240B411DE43F0E00CB6681 /* Debug */,
				50240B421DE43F0E00CB6681 /* Release */,
			);
			defaultConfigurationIsVisible = 0;
		};
/* End XCConfigurationList section */

/* Begin XCVersionGroup section */
		50240B351DE43F0E00CB6681 /* nanou_ios.xcdatamodeld */ = {
			isa = XCVersionGroup;
			children = (
				50240B361DE43F0E00CB6681 /* nanou_ios.xcdatamodel */,
			);
			currentVersion = 50240B361DE43F0E00CB6681 /* nanou_ios.xcdatamodel */;
			path = nanou_ios.xcdatamodeld;
			sourceTree = "<group>";
			versionGroupType = wrapper.xcdatamodel;
		};
/* End XCVersionGroup section */
	};
	rootObject = 50240B231DE43F0D00CB6681 /* Project object */;
}
